
Microsoft Visual Studio Solution File, Format Version 12.00
# Visual Studio Version 16
VisualStudioVersion = 16.0.31702.278
MinimumVisualStudioVersion = 10.0.40219.1
Project("{FAE04EC0-301F-11D3-BF4B-00C04F79EFBC}") = "Lec11Pjt0001.UWP", "Lec11Pjt0001\Lec11Pjt0001.UWP\Lec11Pjt0001.UWP.csproj", "{1E015F5A-59BC-40B8-B29A-0D302E358725}"
EndProject
Project("{FAE04EC0-301F-11D3-BF4B-00C04F79EFBC}") = "Lec11Pjt0001.Android", "Lec11Pjt0001\Lec11Pjt0001.Android\Lec11Pjt0001.Android.csproj", "{4857CB3A-40AA-49E0-9E72-41BBBE82E744}"
EndProject
Project("{FAE04EC0-301F-11D3-BF4B-00C04F79EFBC}") = "Lec11Pjt0001.iOS", "Lec11Pjt0001\Lec11Pjt0001.iOS\Lec11Pjt0001.iOS.csproj", "{EE8994E9-1322-40D1-AD21-6AA181F5724E}"
EndProject
Project("{FAE04EC0-301F-11D3-BF4B-00C04F79EFBC}") = "Lec11Pjt0001", "Lec11Pjt0001\Lec11Pjt0001\Lec11Pjt0001.csproj", "{0F4843E5-F2DB-439A-BE75-54D35C4505B2}"
EndProject
Global
	GlobalSection(SolutionConfigurationPlatforms) = preSolution
		Debug|Any CPU = Debug|Any CPU
		Debug|ARM = Debug|ARM
		Debug|iPhone = Debug|iPhone
		Debug|iPhoneSimulator = Debug|iPhoneSimulator
		Debug|x64 = Debug|x64
		Debug|x86 = Debug|x86
		Release|Any CPU = Release|Any CPU
		Release|ARM = Release|ARM
		Release|iPhone = Release|iPhone
		Release|iPhoneSimulator = Release|iPhoneSimulator
		Release|x64 = Release|x64
		Release|x86 = Release|x86
	EndGlobalSection
	GlobalSection(ProjectConfigurationPlatforms) = postSolution
		{1E015F5A-59BC-40B8-B29A-0D302E358725}.Debug|Any CPU.ActiveCfg = Debug|x86
		{1E015F5A-59BC-40B8-B29A-0D302E358725}.Debug|Any CPU.Build.0 = Debug|x86
		{1E015F5A-59BC-40B8-B29A-0D302E358725}.Debug|Any CPU.Deploy.0 = Debug|x86
		{1E015F5A-59BC-40B8-B29A-0D302E358725}.Debug|ARM.ActiveCfg = Debug|ARM
		{1E015F5A-59BC-40B8-B29A-0D302E358725}.Debug|ARM.Build.0 = Debug|ARM
		{1E015F5A-59BC-40B8-B29A-0D302E358725}.Debug|ARM.Deploy.0 = Debug|ARM
		{1E015F5A-59BC-40B8-B29A-0D302E358725}.Debug|iPhone.ActiveCfg = Debug|x86
		{1E015F5A-59BC-40B8-B29A-0D302E358725}.Debug|iPhone.Build.0 = Debug|x86
		{1E015F5A-59BC-40B8-B29A-0D302E358725}.Debug|iPhone.Deploy.0 = Debug|x86
		{1E015F5A-59BC-40B8-B29A-0D302E358725}.Debug|iPhoneSimulator.ActiveCfg = Debug|x86
		{1E015F5A-59BC-40B8-B29A-0D302E358725}.Debug|iPhoneSimulator.Build.0 = Debug|x86
		{1E015F5A-59BC-40B8-B29A-0D302E358725}.Debug|iPhoneSimulator.Deploy.0 = Debug|x86
		{1E015F5A-59BC-40B8-B29A-0D302E358725}.Debug|x64.ActiveCfg = Debug|x64
		{1E015F5A-59BC-40B8-B29A-0D302E358725}.Debug|x64.Build.0 = Debug|x64
		{1E015F5A-59BC-40B8-B29A-0D302E358725}.Debug|x64.Deploy.0 = Debug|x64
		{1E015F5A-59BC-40B8-B29A-0D302E358725}.Debug|x86.ActiveCfg = Debug|x86
		{1E015F5A-59BC-40B8-B29A-0D302E358725}.Debug|x86.Build.0 = Debug|x86
		{1E015F5A-59BC-40B8-B29A-0D302E358725}.Debug|x86.Deploy.0 = Debug|x86
		{1E015F5A-59BC-40B8-B29A-0D302E358725}.Release|Any CPU.ActiveCfg = Release|x86
		{1E015F5A-59BC-40B8-B29A-0D302E358725}.Release|Any CPU.Build.0 = Release|x86
		{1E015F5A-59BC-40B8-B29A-0D302E358725}.Release|Any CPU.Deploy.0 = Release|x86
		{1E015F5A-59BC-40B8-B29A-0D302E358725}.Release|ARM.ActiveCfg = Release|ARM
		{1E015F5A-59BC-40B8-B29A-0D302E358725}.Release|ARM.Build.0 = Release|ARM
		{1E015F5A-59BC-40B8-B29A-0D302E358725}.Release|ARM.Deploy.0 = Release|ARM
		{1E015F5A-59BC-40B8-B29A-0D302E358725}.Release|iPhone.ActiveCfg = Release|x86
		{1E015F5A-59BC-40B8-B29A-0D302E358725}.Release|iPhone.Build.0 = Release|x86
		{1E015F5A-59BC-40B8-B29A-0D302E358725}.Release|iPhone.Deploy.0 = Release|x86
		{1E015F5A-59BC-40B8-B29A-0D302E358725}.Release|iPhoneSimulator.ActiveCfg = Release|x86
		{1E015F5A-59BC-40B8-B29A-0D302E358725}.Release|iPhoneSimulator.Build.0 = Release|x86
		{1E015F5A-59BC-40B8-B29A-0D302E358725}.Release|iPhoneSimulator.Deploy.0 = Release|x86
		{1E015F5A-59BC-40B8-B29A-0D302E358725}.Release|x64.ActiveCfg = Release|x64
		{1E015F5A-59BC-40B8-B29A-0D302E358725}.Release|x64.Build.0 = Release|x64
		{1E015F5A-59BC-40B8-B29A-0D302E358725}.Release|x64.Deploy.0 = Release|x64
		{1E015F5A-59BC-40B8-B29A-0D302E358725}.Release|x86.ActiveCfg = Release|x86
		{1E015F5A-59BC-40B8-B29A-0D302E358725}.Release|x86.Build.0 = Release|x86
		{1E015F5A-59BC-40B8-B29A-0D302E358725}.Release|x86.Deploy.0 = Release|x86
		{4857CB3A-40AA-49E0-9E72-41BBBE82E744}.Debug|Any CPU.ActiveCfg = Debug|Any CPU
		{4857CB3A-40AA-49E0-9E72-41BBBE82E744}.Debug|Any CPU.Build.0 = Debug|Any CPU
		{4857CB3A-40AA-49E0-9E72-41BBBE82E744}.Debug|Any CPU.Deploy.0 = Debug|Any CPU
		{4857CB3A-40AA-49E0-9E72-41BBBE82E744}.Debug|ARM.ActiveCfg = Debug|Any CPU
		{4857CB3A-40AA-49E0-9E72-41BBBE82E744}.Debug|ARM.Build.0 = Debug|Any CPU
		{4857CB3A-40AA-49E0-9E72-41BBBE82E744}.Debug|ARM.Deploy.0 = Debug|Any CPU
		{4857CB3A-40AA-49E0-9E72-41BBBE82E744}.Debug|iPhone.ActiveCfg = Debug|Any CPU
		{4857CB3A-40AA-49E0-9E72-41BBBE82E744}.Debug|iPhone.Build.0 = Debug|Any CPU
		{4857CB3A-40AA-49E0-9E72-41BBBE82E744}.Debug|iPhone.Deploy.0 = Debug|Any CPU
		{4857CB3A-40AA-49E0-9E72-41BBBE82E744}.Debug|iPhoneSimulator.ActiveCfg = Debug|Any CPU
		{4857CB3A-40AA-49E0-9E72-41BBBE82E744}.Debug|iPhoneSimulator.Build.0 = Debug|Any CPU
		{4857CB3A-40AA-49E0-9E72-41BBBE82E744}.Debug|iPhoneSimulator.Deploy.0 = Debug|Any CPU
		{4857CB3A-40AA-49E0-9E72-41BBBE82E744}.Debug|x64.ActiveCfg = Debug|Any CPU
		{4857CB3A-40AA-49E0-9E72-41BBBE82E744}.Debug|x64.Build.0 = Debug|Any CPU
		{4857CB3A-40AA-49E0-9E72-41BBBE82E744}.Debug|x64.Deploy.0 = Debug|Any CPU
		{4857CB3A-40AA-49E0-9E72-41BBBE82E744}.Debug|x86.ActiveCfg = Debug|Any CPU
		{4857CB3A-40AA-49E0-9E72-41BBBE82E744}.Debug|x86.Build.0 = Debug|Any CPU
		{4857CB3A-40AA-49E0-9E72-41BBBE82E744}.Debug|x86.Deploy.0 = Debug|Any CPU
		{4857CB3A-40AA-49E0-9E72-41BBBE82E744}.Release|Any CPU.ActiveCfg = Release|Any CPU
		{4857CB3A-40AA-49E0-9E72-41BBBE82E744}.Release|Any CPU.Build.0 = Release|Any CPU
		{4857CB3A-40AA-49E0-9E72-41BBBE82E744}.Release|Any CPU.Deploy.0 = Release|Any CPU
		{4857CB3A-40AA-49E0-9E72-41BBBE82E744}.Release|ARM.ActiveCfg = Release|Any CPU
		{4857CB3A-40AA-49E0-9E72-41BBBE82E744}.Release|ARM.Build.0 = Release|Any CPU
		{4857CB3A-40AA-49E0-9E72-41BBBE82E744}.Release|ARM.Deploy.0 = Release|Any CPU
		{4857CB3A-40AA-49E0-9E72-41BBBE82E744}.Release|iPhone.ActiveCfg = Release|Any CPU
		{4857CB3A-40AA-49E0-9E72-41BBBE82E744}.Release|iPhone.Build.0 = Release|Any CPU
		{4857CB3A-40AA-49E0-9E72-41BBBE82E744}.Release|iPhone.Deploy.0 = Release|Any CPU
		{4857CB3A-40AA-49E0-9E72-41BBBE82E744}.Release|iPhoneSimulator.ActiveCfg = Release|Any CPU
		{4857CB3A-40AA-49E0-9E72-41BBBE82E744}.Release|iPhoneSimulator.Build.0 = Release|Any CPU
		{4857CB3A-40AA-49E0-9E72-41BBBE82E744}.Release|iPhoneSimulator.Deploy.0 = Release|Any CPU
		{4857CB3A-40AA-49E0-9E72-41BBBE82E744}.Release|x64.ActiveCfg = Release|Any CPU
		{4857CB3A-40AA-49E0-9E72-41BBBE82E744}.Release|x64.Build.0 = Release|Any CPU
		{4857CB3A-40AA-49E0-9E72-41BBBE82E744}.Release|x64.Deploy.0 = Release|Any CPU
		{4857CB3A-40AA-49E0-9E72-41BBBE82E744}.Release|x86.ActiveCfg = Release|Any CPU
		{4857CB3A-40AA-49E0-9E72-41BBBE82E744}.Release|x86.Build.0 = Release|Any CPU
		{4857CB3A-40AA-49E0-9E72-41BBBE82E744}.Release|x86.Deploy.0 = Release|Any CPU
		{EE8994E9-1322-40D1-AD21-6AA181F5724E}.Debug|Any CPU.ActiveCfg = Debug|iPhoneSimulator
		{EE8994E9-1322-40D1-AD21-6AA181F5724E}.Debug|Any CPU.Build.0 = Debug|iPhoneSimulator
		{EE8994E9-1322-40D1-AD21-6AA181F5724E}.Debug|Any CPU.Deploy.0 = Debug|iPhoneSimulator
		{EE8994E9-1322-40D1-AD21-6AA181F5724E}.Debug|ARM.ActiveCfg = Debug|iPhone
		{EE8994E9-1322-40D1-AD21-6AA181F5724E}.Debug|ARM.Build.0 = Debug|iPhone
		{EE8994E9-1322-40D1-AD21-6AA181F5724E}.Debug|ARM.Deploy.0 = Debug|iPhone
		{EE8994E9-1322-40D1-AD21-6AA181F5724E}.Debug|iPhone.ActiveCfg = Debug|iPhone
		{EE8994E9-1322-40D1-AD21-6AA181F5724E}.Debug|iPhone.Build.0 = Debug|iPhone
		{EE8994E9-1322-40D1-AD21-6AA181F5724E}.Debug|iPhone.Deploy.0 = Debug|iPhone
		{EE8994E9-1322-40D1-AD21-6AA181F5724E}.Debug|iPhoneSimulator.ActiveCfg = Debug|iPhoneSimulator
		{EE8994E9-1322-40D1-AD21-6AA181F5724E}.Debug|iPhoneSimulator.Build.0 = Debug|iPhoneSimulator
		{EE8994E9-1322-40D1-AD21-6AA181F5724E}.Debug|iPhoneSimulator.Deploy.0 = Debug|iPhoneSimulator
		{EE8994E9-1322-40D1-AD21-6AA181F5724E}.Debug|x64.ActiveCfg = Debug|iPhoneSimulator
		{EE8994E9-1322-40D1-AD21-6AA181F5724E}.Debug|x64.Build.0 = Debug|iPhoneSimulator
		{EE8994E9-1322-40D1-AD21-6AA181F5724E}.Debug|x64.Deploy.0 = Debug|iPhoneSimulator
		{EE8994E9-1322-40D1-AD21-6AA181F5724E}.Debug|x86.ActiveCfg = Debug|iPhoneSimulator
		{EE8994E9-1322-40D1-AD21-6AA181F5724E}.Debug|x86.Build.0 = Debug|iPhoneSimulator
		{EE8994E9-1322-40D1-AD21-6AA181F5724E}.Debug|x86.Deploy.0 = Debug|iPhoneSimulator
		{EE8994E9-1322-40D1-AD21-6AA181F5724E}.Release|Any CPU.ActiveCfg = Release|iPhoneSimulator
		{EE8994E9-1322-40D1-AD21-6AA181F5724E}.Release|Any CPU.Build.0 = Release|iPhoneSimulator
		{EE8994E9-1322-40D1-AD21-6AA181F5724E}.Release|Any CPU.Deploy.0 = Release|iPhoneSimulator
		{EE8994E9-1322-40D1-AD21-6AA181F5724E}.Release|ARM.ActiveCfg = Release|iPhoneSimulator
		{EE8994E9-1322-40D1-AD21-6AA181F5724E}.Release|ARM.Build.0 = Release|iPhoneSimulator
		{EE8994E9-1322-40D1-AD21-6AA181F5724E}.Release|ARM.Deploy.0 = Release|iPhoneSimulator
		{EE8994E9-1322-40D1-AD21-6AA181F5724E}.Release|iPhone.ActiveCfg = Release|iPhone
		{EE8994E9-1322-40D1-AD21-6AA181F5724E}.Release|iPhone.Build.0 = Release|iPhone
		{EE8994E9-1322-40D1-AD21-6AA181F5724E}.Release|iPhone.Deploy.0 = Release|iPhone
		{EE8994E9-1322-40D1-AD21-6AA181F5724E}.Release|iPhoneSimulator.ActiveCfg = Release|iPhoneSimulator
		{EE8994E9-1322-40D1-AD21-6AA181F5724E}.Release|iPhoneSimulator.Build.0 = Release|iPhoneSimulator
		{EE8994E9-1322-40D1-AD21-6AA181F5724E}.Release|iPhoneSimulator.Deploy.0 = Release|iPhoneSimulator
		{EE8994E9-1322-40D1-AD21-6AA181F5724E}.Release|x64.ActiveCfg = Release|iPhoneSimulator
		{EE8994E9-1322-40D1-AD21-6AA181F5724E}.Release|x64.Build.0 = Release|iPhoneSimulator
		{EE8994E9-1322-40D1-AD21-6AA181F5724E}.Release|x64.Deploy.0 = Release|iPhoneSimulator
		{EE8994E9-1322-40D1-AD21-6AA181F5724E}.Release|x86.ActiveCfg = Release|iPhoneSimulator
		{EE8994E9-1322-40D1-AD21-6AA181F5724E}.Release|x86.Build.0 = Release|iPhoneSimulator
		{EE8994E9-1322-40D1-AD21-6AA181F5724E}.Release|x86.Deploy.0 = Release|iPhoneSimulator
		{0F4843E5-F2DB-439A-BE75-54D35C4505B2}.Debug|Any CPU.ActiveCfg = Debug|Any CPU
		{0F4843E5-F2DB-439A-BE75-54D35C4505B2}.Debug|Any CPU.Build.0 = Debug|Any CPU
		{0F4843E5-F2DB-439A-BE75-54D35C4505B2}.Debug|Any CPU.Deploy.0 = Debug|Any CPU
		{0F4843E5-F2DB-439A-BE75-54D35C4505B2}.Debug|ARM.ActiveCfg = Debug|Any CPU
		{0F4843E5-F2DB-439A-BE75-54D35C4505B2}.Debug|ARM.Build.0 = Debug|Any CPU
		{0F4843E5-F2DB-439A-BE75-54D35C4505B2}.Debug|ARM.Deploy.0 = Debug|Any CPU
		{0F4843E5-F2DB-439A-BE75-54D35C4505B2}.Debug|iPhone.ActiveCfg = Debug|Any CPU
		{0F4843E5-F2DB-439A-BE75-54D35C4505B2}.Debug|iPhone.Build.0 = Debug|Any CPU
		{0F4843E5-F2DB-439A-BE75-54D35C4505B2}.Debug|iPhone.Deploy.0 = Debug|Any CPU
		{0F4843E5-F2DB-439A-BE75-54D35C4505B2}.Debug|iPhoneSimulator.ActiveCfg = Debug|Any CPU
		{0F4843E5-F2DB-439A-BE75-54D35C4505B2}.Debug|iPhoneSimulator.Build.0 = Debug|Any CPU
		{0F4843E5-F2DB-439A-BE75-54D35C4505B2}.Debug|iPhoneSimulator.Deploy.0 = Debug|Any CPU
		{0F4843E5-F2DB-439A-BE75-54D35C4505B2}.Debug|x64.ActiveCfg = Debug|Any CPU
		{0F4843E5-F2DB-439A-BE75-54D35C4505B2}.Debug|x64.Build.0 = Debug|Any CPU
		{0F4843E5-F2DB-439A-BE75-54D35C4505B2}.Debug|x64.Deploy.0 = Debug|Any CPU
		{0F4843E5-F2DB-439A-BE75-54D35C4505B2}.Debug|x86.ActiveCfg = Debug|Any CPU
		{0F4843E5-F2DB-439A-BE75-54D35C4505B2}.Debug|x86.Build.0 = Debug|Any CPU
		{0F4843E5-F2DB-439A-BE75-54D35C4505B2}.Debug|x86.Deploy.0 = Debug|Any CPU
		{0F4843E5-F2DB-439A-BE75-54D35C4505B2}.Release|Any CPU.ActiveCfg = Release|Any CPU
		{0F4843E5-F2DB-439A-BE75-54D35C4505B2}.Release|Any CPU.Build.0 = Release|Any CPU
		{0F4843E5-F2DB-439A-BE75-54D35C4505B2}.Release|Any CPU.Deploy.0 = Release|Any CPU
		{0F4843E5-F2DB-439A-BE75-54D35C4505B2}.Release|ARM.ActiveCfg = Release|Any CPU
		{0F4843E5-F2DB-439A-BE75-54D35C4505B2}.Release|ARM.Build.0 = Release|Any CPU
		{0F4843E5-F2DB-439A-BE75-54D35C4505B2}.Release|ARM.Deploy.0 = Release|Any CPU
		{0F4843E5-F2DB-439A-BE75-54D35C4505B2}.Release|iPhone.ActiveCfg = Release|Any CPU
		{0F4843E5-F2DB-439A-BE75-54D35C4505B2}.Release|iPhone.Build.0 = Release|Any CPU
		{0F4843E5-F2DB-439A-BE75-54D35C4505B2}.Release|iPhone.Deploy.0 = Release|Any CPU
		{0F4843E5-F2DB-439A-BE75-54D35C4505B2}.Release|iPhoneSimulator.ActiveCfg = Release|Any CPU
		{0F4843E5-F2DB-439A-BE75-54D35C4505B2}.Release|iPhoneSimulator.Build.0 = Release|Any CPU
		{0F4843E5-F2DB-439A-BE75-54D35C4505B2}.Release|iPhoneSimulator.Deploy.0 = Release|Any CPU
		{0F4843E5-F2DB-439A-BE75-54D35C4505B2}.Release|x64.ActiveCfg = Release|Any CPU
		{0F4843E5-F2DB-439A-BE75-54D35C4505B2}.Release|x64.Build.0 = Release|Any CPU
		{0F4843E5-F2DB-439A-BE75-54D35C4505B2}.Release|x64.Deploy.0 = Release|Any CPU
		{0F4843E5-F2DB-439A-BE75-54D35C4505B2}.Release|x86.ActiveCfg = Release|Any CPU
		{0F4843E5-F2DB-439A-BE75-54D35C4505B2}.Release|x86.Build.0 = Release|Any CPU
		{0F4843E5-F2DB-439A-BE75-54D35C4505B2}.Release|x86.Deploy.0 = Release|Any CPU
	EndGlobalSection
	GlobalSection(SolutionProperties) = preSolution
		HideSolutionNode = FALSE
	EndGlobalSection
	GlobalSection(ExtensibilityGlobals) = postSolution
		SolutionGuid = {499CA725-542A-435E-82C8-B0091B56E991}
	EndGlobalSection
EndGlobal
