
Microsoft Visual Studio Solution File, Format Version 12.00
# Visual Studio Version 16
VisualStudioVersion = 16.0.31702.278
MinimumVisualStudioVersion = 10.0.40219.1
Project("{FAE04EC0-301F-11D3-BF4B-00C04F79EFBC}") = "Lec08Pjt0001.UWP", "Lec08Pjt0001\Lec08Pjt0001.UWP\Lec08Pjt0001.UWP.csproj", "{0EBE93C0-55E6-44A7-A6BD-C173CC18264C}"
EndProject
Project("{FAE04EC0-301F-11D3-BF4B-00C04F79EFBC}") = "Lec08Pjt0001.Android", "Lec08Pjt0001\Lec08Pjt0001.Android\Lec08Pjt0001.Android.csproj", "{E0FF9DB9-ED07-4255-AD9E-630359763BA5}"
EndProject
Project("{FAE04EC0-301F-11D3-BF4B-00C04F79EFBC}") = "Lec08Pjt0001.iOS", "Lec08Pjt0001\Lec08Pjt0001.iOS\Lec08Pjt0001.iOS.csproj", "{9474F0A8-CB6A-4C0D-8423-EEC066CB46DF}"
EndProject
Project("{FAE04EC0-301F-11D3-BF4B-00C04F79EFBC}") = "Lec08Pjt0001", "Lec08Pjt0001\Lec08Pjt0001\Lec08Pjt0001.csproj", "{07783661-F841-42B9-8A9C-474A8C2E8242}"
EndProject
Global
	GlobalSection(SolutionConfigurationPlatforms) = preSolution
		Debug|Any CPU = Debug|Any CPU
		Debug|ARM = Debug|ARM
		Debug|iPhone = Debug|iPhone
		Debug|iPhoneSimulator = Debug|iPhoneSimulator
		Debug|x64 = Debug|x64
		Debug|x86 = Debug|x86
		Release|Any CPU = Release|Any CPU
		Release|ARM = Release|ARM
		Release|iPhone = Release|iPhone
		Release|iPhoneSimulator = Release|iPhoneSimulator
		Release|x64 = Release|x64
		Release|x86 = Release|x86
	EndGlobalSection
	GlobalSection(ProjectConfigurationPlatforms) = postSolution
		{0EBE93C0-55E6-44A7-A6BD-C173CC18264C}.Debug|Any CPU.ActiveCfg = Debug|x86
		{0EBE93C0-55E6-44A7-A6BD-C173CC18264C}.Debug|Any CPU.Build.0 = Debug|x86
		{0EBE93C0-55E6-44A7-A6BD-C173CC18264C}.Debug|Any CPU.Deploy.0 = Debug|x86
		{0EBE93C0-55E6-44A7-A6BD-C173CC18264C}.Debug|ARM.ActiveCfg = Debug|ARM
		{0EBE93C0-55E6-44A7-A6BD-C173CC18264C}.Debug|ARM.Build.0 = Debug|ARM
		{0EBE93C0-55E6-44A7-A6BD-C173CC18264C}.Debug|ARM.Deploy.0 = Debug|ARM
		{0EBE93C0-55E6-44A7-A6BD-C173CC18264C}.Debug|iPhone.ActiveCfg = Debug|x86
		{0EBE93C0-55E6-44A7-A6BD-C173CC18264C}.Debug|iPhone.Build.0 = Debug|x86
		{0EBE93C0-55E6-44A7-A6BD-C173CC18264C}.Debug|iPhone.Deploy.0 = Debug|x86
		{0EBE93C0-55E6-44A7-A6BD-C173CC18264C}.Debug|iPhoneSimulator.ActiveCfg = Debug|x86
		{0EBE93C0-55E6-44A7-A6BD-C173CC18264C}.Debug|iPhoneSimulator.Build.0 = Debug|x86
		{0EBE93C0-55E6-44A7-A6BD-C173CC18264C}.Debug|iPhoneSimulator.Deploy.0 = Debug|x86
		{0EBE93C0-55E6-44A7-A6BD-C173CC18264C}.Debug|x64.ActiveCfg = Debug|x64
		{0EBE93C0-55E6-44A7-A6BD-C173CC18264C}.Debug|x64.Build.0 = Debug|x64
		{0EBE93C0-55E6-44A7-A6BD-C173CC18264C}.Debug|x64.Deploy.0 = Debug|x64
		{0EBE93C0-55E6-44A7-A6BD-C173CC18264C}.Debug|x86.ActiveCfg = Debug|x86
		{0EBE93C0-55E6-44A7-A6BD-C173CC18264C}.Debug|x86.Build.0 = Debug|x86
		{0EBE93C0-55E6-44A7-A6BD-C173CC18264C}.Debug|x86.Deploy.0 = Debug|x86
		{0EBE93C0-55E6-44A7-A6BD-C173CC18264C}.Release|Any CPU.ActiveCfg = Release|x86
		{0EBE93C0-55E6-44A7-A6BD-C173CC18264C}.Release|Any CPU.Build.0 = Release|x86
		{0EBE93C0-55E6-44A7-A6BD-C173CC18264C}.Release|Any CPU.Deploy.0 = Release|x86
		{0EBE93C0-55E6-44A7-A6BD-C173CC18264C}.Release|ARM.ActiveCfg = Release|ARM
		{0EBE93C0-55E6-44A7-A6BD-C173CC18264C}.Release|ARM.Build.0 = Release|ARM
		{0EBE93C0-55E6-44A7-A6BD-C173CC18264C}.Release|ARM.Deploy.0 = Release|ARM
		{0EBE93C0-55E6-44A7-A6BD-C173CC18264C}.Release|iPhone.ActiveCfg = Release|x86
		{0EBE93C0-55E6-44A7-A6BD-C173CC18264C}.Release|iPhone.Build.0 = Release|x86
		{0EBE93C0-55E6-44A7-A6BD-C173CC18264C}.Release|iPhone.Deploy.0 = Release|x86
		{0EBE93C0-55E6-44A7-A6BD-C173CC18264C}.Release|iPhoneSimulator.ActiveCfg = Release|x86
		{0EBE93C0-55E6-44A7-A6BD-C173CC18264C}.Release|iPhoneSimulator.Build.0 = Release|x86
		{0EBE93C0-55E6-44A7-A6BD-C173CC18264C}.Release|iPhoneSimulator.Deploy.0 = Release|x86
		{0EBE93C0-55E6-44A7-A6BD-C173CC18264C}.Release|x64.ActiveCfg = Release|x64
		{0EBE93C0-55E6-44A7-A6BD-C173CC18264C}.Release|x64.Build.0 = Release|x64
		{0EBE93C0-55E6-44A7-A6BD-C173CC18264C}.Release|x64.Deploy.0 = Release|x64
		{0EBE93C0-55E6-44A7-A6BD-C173CC18264C}.Release|x86.ActiveCfg = Release|x86
		{0EBE93C0-55E6-44A7-A6BD-C173CC18264C}.Release|x86.Build.0 = Release|x86
		{0EBE93C0-55E6-44A7-A6BD-C173CC18264C}.Release|x86.Deploy.0 = Release|x86
		{E0FF9DB9-ED07-4255-AD9E-630359763BA5}.Debug|Any CPU.ActiveCfg = Debug|Any CPU
		{E0FF9DB9-ED07-4255-AD9E-630359763BA5}.Debug|Any CPU.Build.0 = Debug|Any CPU
		{E0FF9DB9-ED07-4255-AD9E-630359763BA5}.Debug|Any CPU.Deploy.0 = Debug|Any CPU
		{E0FF9DB9-ED07-4255-AD9E-630359763BA5}.Debug|ARM.ActiveCfg = Debug|Any CPU
		{E0FF9DB9-ED07-4255-AD9E-630359763BA5}.Debug|ARM.Build.0 = Debug|Any CPU
		{E0FF9DB9-ED07-4255-AD9E-630359763BA5}.Debug|ARM.Deploy.0 = Debug|Any CPU
		{E0FF9DB9-ED07-4255-AD9E-630359763BA5}.Debug|iPhone.ActiveCfg = Debug|Any CPU
		{E0FF9DB9-ED07-4255-AD9E-630359763BA5}.Debug|iPhone.Build.0 = Debug|Any CPU
		{E0FF9DB9-ED07-4255-AD9E-630359763BA5}.Debug|iPhone.Deploy.0 = Debug|Any CPU
		{E0FF9DB9-ED07-4255-AD9E-630359763BA5}.Debug|iPhoneSimulator.ActiveCfg = Debug|Any CPU
		{E0FF9DB9-ED07-4255-AD9E-630359763BA5}.Debug|iPhoneSimulator.Build.0 = Debug|Any CPU
		{E0FF9DB9-ED07-4255-AD9E-630359763BA5}.Debug|iPhoneSimulator.Deploy.0 = Debug|Any CPU
		{E0FF9DB9-ED07-4255-AD9E-630359763BA5}.Debug|x64.ActiveCfg = Debug|Any CPU
		{E0FF9DB9-ED07-4255-AD9E-630359763BA5}.Debug|x64.Build.0 = Debug|Any CPU
		{E0FF9DB9-ED07-4255-AD9E-630359763BA5}.Debug|x64.Deploy.0 = Debug|Any CPU
		{E0FF9DB9-ED07-4255-AD9E-630359763BA5}.Debug|x86.ActiveCfg = Debug|Any CPU
		{E0FF9DB9-ED07-4255-AD9E-630359763BA5}.Debug|x86.Build.0 = Debug|Any CPU
		{E0FF9DB9-ED07-4255-AD9E-630359763BA5}.Debug|x86.Deploy.0 = Debug|Any CPU
		{E0FF9DB9-ED07-4255-AD9E-630359763BA5}.Release|Any CPU.ActiveCfg = Release|Any CPU
		{E0FF9DB9-ED07-4255-AD9E-630359763BA5}.Release|Any CPU.Build.0 = Release|Any CPU
		{E0FF9DB9-ED07-4255-AD9E-630359763BA5}.Release|Any CPU.Deploy.0 = Release|Any CPU
		{E0FF9DB9-ED07-4255-AD9E-630359763BA5}.Release|ARM.ActiveCfg = Release|Any CPU
		{E0FF9DB9-ED07-4255-AD9E-630359763BA5}.Release|ARM.Build.0 = Release|Any CPU
		{E0FF9DB9-ED07-4255-AD9E-630359763BA5}.Release|ARM.Deploy.0 = Release|Any CPU
		{E0FF9DB9-ED07-4255-AD9E-630359763BA5}.Release|iPhone.ActiveCfg = Release|Any CPU
		{E0FF9DB9-ED07-4255-AD9E-630359763BA5}.Release|iPhone.Build.0 = Release|Any CPU
		{E0FF9DB9-ED07-4255-AD9E-630359763BA5}.Release|iPhone.Deploy.0 = Release|Any CPU
		{E0FF9DB9-ED07-4255-AD9E-630359763BA5}.Release|iPhoneSimulator.ActiveCfg = Release|Any CPU
		{E0FF9DB9-ED07-4255-AD9E-630359763BA5}.Release|iPhoneSimulator.Build.0 = Release|Any CPU
		{E0FF9DB9-ED07-4255-AD9E-630359763BA5}.Release|iPhoneSimulator.Deploy.0 = Release|Any CPU
		{E0FF9DB9-ED07-4255-AD9E-630359763BA5}.Release|x64.ActiveCfg = Release|Any CPU
		{E0FF9DB9-ED07-4255-AD9E-630359763BA5}.Release|x64.Build.0 = Release|Any CPU
		{E0FF9DB9-ED07-4255-AD9E-630359763BA5}.Release|x64.Deploy.0 = Release|Any CPU
		{E0FF9DB9-ED07-4255-AD9E-630359763BA5}.Release|x86.ActiveCfg = Release|Any CPU
		{E0FF9DB9-ED07-4255-AD9E-630359763BA5}.Release|x86.Build.0 = Release|Any CPU
		{E0FF9DB9-ED07-4255-AD9E-630359763BA5}.Release|x86.Deploy.0 = Release|Any CPU
		{9474F0A8-CB6A-4C0D-8423-EEC066CB46DF}.Debug|Any CPU.ActiveCfg = Debug|iPhoneSimulator
		{9474F0A8-CB6A-4C0D-8423-EEC066CB46DF}.Debug|Any CPU.Build.0 = Debug|iPhoneSimulator
		{9474F0A8-CB6A-4C0D-8423-EEC066CB46DF}.Debug|Any CPU.Deploy.0 = Debug|iPhoneSimulator
		{9474F0A8-CB6A-4C0D-8423-EEC066CB46DF}.Debug|ARM.ActiveCfg = Debug|iPhone
		{9474F0A8-CB6A-4C0D-8423-EEC066CB46DF}.Debug|ARM.Build.0 = Debug|iPhone
		{9474F0A8-CB6A-4C0D-8423-EEC066CB46DF}.Debug|ARM.Deploy.0 = Debug|iPhone
		{9474F0A8-CB6A-4C0D-8423-EEC066CB46DF}.Debug|iPhone.ActiveCfg = Debug|iPhone
		{9474F0A8-CB6A-4C0D-8423-EEC066CB46DF}.Debug|iPhone.Build.0 = Debug|iPhone
		{9474F0A8-CB6A-4C0D-8423-EEC066CB46DF}.Debug|iPhone.Deploy.0 = Debug|iPhone
		{9474F0A8-CB6A-4C0D-8423-EEC066CB46DF}.Debug|iPhoneSimulator.ActiveCfg = Debug|iPhoneSimulator
		{9474F0A8-CB6A-4C0D-8423-EEC066CB46DF}.Debug|iPhoneSimulator.Build.0 = Debug|iPhoneSimulator
		{9474F0A8-CB6A-4C0D-8423-EEC066CB46DF}.Debug|iPhoneSimulator.Deploy.0 = Debug|iPhoneSimulator
		{9474F0A8-CB6A-4C0D-8423-EEC066CB46DF}.Debug|x64.ActiveCfg = Debug|iPhoneSimulator
		{9474F0A8-CB6A-4C0D-8423-EEC066CB46DF}.Debug|x64.Build.0 = Debug|iPhoneSimulator
		{9474F0A8-CB6A-4C0D-8423-EEC066CB46DF}.Debug|x64.Deploy.0 = Debug|iPhoneSimulator
		{9474F0A8-CB6A-4C0D-8423-EEC066CB46DF}.Debug|x86.ActiveCfg = Debug|iPhoneSimulator
		{9474F0A8-CB6A-4C0D-8423-EEC066CB46DF}.Debug|x86.Build.0 = Debug|iPhoneSimulator
		{9474F0A8-CB6A-4C0D-8423-EEC066CB46DF}.Debug|x86.Deploy.0 = Debug|iPhoneSimulator
		{9474F0A8-CB6A-4C0D-8423-EEC066CB46DF}.Release|Any CPU.ActiveCfg = Release|iPhoneSimulator
		{9474F0A8-CB6A-4C0D-8423-EEC066CB46DF}.Release|Any CPU.Build.0 = Release|iPhoneSimulator
		{9474F0A8-CB6A-4C0D-8423-EEC066CB46DF}.Release|Any CPU.Deploy.0 = Release|iPhoneSimulator
		{9474F0A8-CB6A-4C0D-8423-EEC066CB46DF}.Release|ARM.ActiveCfg = Release|iPhoneSimulator
		{9474F0A8-CB6A-4C0D-8423-EEC066CB46DF}.Release|ARM.Build.0 = Release|iPhoneSimulator
		{9474F0A8-CB6A-4C0D-8423-EEC066CB46DF}.Release|ARM.Deploy.0 = Release|iPhoneSimulator
		{9474F0A8-CB6A-4C0D-8423-EEC066CB46DF}.Release|iPhone.ActiveCfg = Release|iPhone
		{9474F0A8-CB6A-4C0D-8423-EEC066CB46DF}.Release|iPhone.Build.0 = Release|iPhone
		{9474F0A8-CB6A-4C0D-8423-EEC066CB46DF}.Release|iPhone.Deploy.0 = Release|iPhone
		{9474F0A8-CB6A-4C0D-8423-EEC066CB46DF}.Release|iPhoneSimulator.ActiveCfg = Release|iPhoneSimulator
		{9474F0A8-CB6A-4C0D-8423-EEC066CB46DF}.Release|iPhoneSimulator.Build.0 = Release|iPhoneSimulator
		{9474F0A8-CB6A-4C0D-8423-EEC066CB46DF}.Release|iPhoneSimulator.Deploy.0 = Release|iPhoneSimulator
		{9474F0A8-CB6A-4C0D-8423-EEC066CB46DF}.Release|x64.ActiveCfg = Release|iPhoneSimulator
		{9474F0A8-CB6A-4C0D-8423-EEC066CB46DF}.Release|x64.Build.0 = Release|iPhoneSimulator
		{9474F0A8-CB6A-4C0D-8423-EEC066CB46DF}.Release|x64.Deploy.0 = Release|iPhoneSimulator
		{9474F0A8-CB6A-4C0D-8423-EEC066CB46DF}.Release|x86.ActiveCfg = Release|iPhoneSimulator
		{9474F0A8-CB6A-4C0D-8423-EEC066CB46DF}.Release|x86.Build.0 = Release|iPhoneSimulator
		{9474F0A8-CB6A-4C0D-8423-EEC066CB46DF}.Release|x86.Deploy.0 = Release|iPhoneSimulator
		{07783661-F841-42B9-8A9C-474A8C2E8242}.Debug|Any CPU.ActiveCfg = Debug|Any CPU
		{07783661-F841-42B9-8A9C-474A8C2E8242}.Debug|Any CPU.Build.0 = Debug|Any CPU
		{07783661-F841-42B9-8A9C-474A8C2E8242}.Debug|Any CPU.Deploy.0 = Debug|Any CPU
		{07783661-F841-42B9-8A9C-474A8C2E8242}.Debug|ARM.ActiveCfg = Debug|Any CPU
		{07783661-F841-42B9-8A9C-474A8C2E8242}.Debug|ARM.Build.0 = Debug|Any CPU
		{07783661-F841-42B9-8A9C-474A8C2E8242}.Debug|ARM.Deploy.0 = Debug|Any CPU
		{07783661-F841-42B9-8A9C-474A8C2E8242}.Debug|iPhone.ActiveCfg = Debug|Any CPU
		{07783661-F841-42B9-8A9C-474A8C2E8242}.Debug|iPhone.Build.0 = Debug|Any CPU
		{07783661-F841-42B9-8A9C-474A8C2E8242}.Debug|iPhone.Deploy.0 = Debug|Any CPU
		{07783661-F841-42B9-8A9C-474A8C2E8242}.Debug|iPhoneSimulator.ActiveCfg = Debug|Any CPU
		{07783661-F841-42B9-8A9C-474A8C2E8242}.Debug|iPhoneSimulator.Build.0 = Debug|Any CPU
		{07783661-F841-42B9-8A9C-474A8C2E8242}.Debug|iPhoneSimulator.Deploy.0 = Debug|Any CPU
		{07783661-F841-42B9-8A9C-474A8C2E8242}.Debug|x64.ActiveCfg = Debug|Any CPU
		{07783661-F841-42B9-8A9C-474A8C2E8242}.Debug|x64.Build.0 = Debug|Any CPU
		{07783661-F841-42B9-8A9C-474A8C2E8242}.Debug|x64.Deploy.0 = Debug|Any CPU
		{07783661-F841-42B9-8A9C-474A8C2E8242}.Debug|x86.ActiveCfg = Debug|Any CPU
		{07783661-F841-42B9-8A9C-474A8C2E8242}.Debug|x86.Build.0 = Debug|Any CPU
		{07783661-F841-42B9-8A9C-474A8C2E8242}.Debug|x86.Deploy.0 = Debug|Any CPU
		{07783661-F841-42B9-8A9C-474A8C2E8242}.Release|Any CPU.ActiveCfg = Release|Any CPU
		{07783661-F841-42B9-8A9C-474A8C2E8242}.Release|Any CPU.Build.0 = Release|Any CPU
		{07783661-F841-42B9-8A9C-474A8C2E8242}.Release|Any CPU.Deploy.0 = Release|Any CPU
		{07783661-F841-42B9-8A9C-474A8C2E8242}.Release|ARM.ActiveCfg = Release|Any CPU
		{07783661-F841-42B9-8A9C-474A8C2E8242}.Release|ARM.Build.0 = Release|Any CPU
		{07783661-F841-42B9-8A9C-474A8C2E8242}.Release|ARM.Deploy.0 = Release|Any CPU
		{07783661-F841-42B9-8A9C-474A8C2E8242}.Release|iPhone.ActiveCfg = Release|Any CPU
		{07783661-F841-42B9-8A9C-474A8C2E8242}.Release|iPhone.Build.0 = Release|Any CPU
		{07783661-F841-42B9-8A9C-474A8C2E8242}.Release|iPhone.Deploy.0 = Release|Any CPU
		{07783661-F841-42B9-8A9C-474A8C2E8242}.Release|iPhoneSimulator.ActiveCfg = Release|Any CPU
		{07783661-F841-42B9-8A9C-474A8C2E8242}.Release|iPhoneSimulator.Build.0 = Release|Any CPU
		{07783661-F841-42B9-8A9C-474A8C2E8242}.Release|iPhoneSimulator.Deploy.0 = Release|Any CPU
		{07783661-F841-42B9-8A9C-474A8C2E8242}.Release|x64.ActiveCfg = Release|Any CPU
		{07783661-F841-42B9-8A9C-474A8C2E8242}.Release|x64.Build.0 = Release|Any CPU
		{07783661-F841-42B9-8A9C-474A8C2E8242}.Release|x64.Deploy.0 = Release|Any CPU
		{07783661-F841-42B9-8A9C-474A8C2E8242}.Release|x86.ActiveCfg = Release|Any CPU
		{07783661-F841-42B9-8A9C-474A8C2E8242}.Release|x86.Build.0 = Release|Any CPU
		{07783661-F841-42B9-8A9C-474A8C2E8242}.Release|x86.Deploy.0 = Release|Any CPU
	EndGlobalSection
	GlobalSection(SolutionProperties) = preSolution
		HideSolutionNode = FALSE
	EndGlobalSection
	GlobalSection(ExtensibilityGlobals) = postSolution
		SolutionGuid = {4C2B89DE-F839-4C02-B467-52B21383303F}
	EndGlobalSection
EndGlobal
