
Microsoft Visual Studio Solution File, Format Version 12.00
# Visual Studio Version 16
VisualStudioVersion = 16.0.31702.278
MinimumVisualStudioVersion = 10.0.40219.1
Project("{FAE04EC0-301F-11D3-BF4B-00C04F79EFBC}") = "Lec15Pjt0001.Android", "Lec15Pjt0001\Lec15Pjt0001.Android\Lec15Pjt0001.Android.csproj", "{B03ACFD4-414A-4A7A-AD08-33E8DA1BD79F}"
EndProject
Project("{FAE04EC0-301F-11D3-BF4B-00C04F79EFBC}") = "Lec15Pjt0001.iOS", "Lec15Pjt0001\Lec15Pjt0001.iOS\Lec15Pjt0001.iOS.csproj", "{8B6BEFF9-DA15-4E86-A0F2-9A99492A5BB7}"
EndProject
Project("{FAE04EC0-301F-11D3-BF4B-00C04F79EFBC}") = "Lec15Pjt0001", "Lec15Pjt0001\Lec15Pjt0001\Lec15Pjt0001.csproj", "{A8864458-E1ED-4AE8-84AA-F6A5D5EE03F6}"
EndProject
Global
	GlobalSection(SolutionConfigurationPlatforms) = preSolution
		Debug|Any CPU = Debug|Any CPU
		Debug|iPhone = Debug|iPhone
		Debug|iPhoneSimulator = Debug|iPhoneSimulator
		Release|Any CPU = Release|Any CPU
		Release|iPhone = Release|iPhone
		Release|iPhoneSimulator = Release|iPhoneSimulator
	EndGlobalSection
	GlobalSection(ProjectConfigurationPlatforms) = postSolution
		{B03ACFD4-414A-4A7A-AD08-33E8DA1BD79F}.Debug|Any CPU.ActiveCfg = Debug|Any CPU
		{B03ACFD4-414A-4A7A-AD08-33E8DA1BD79F}.Debug|Any CPU.Build.0 = Debug|Any CPU
		{B03ACFD4-414A-4A7A-AD08-33E8DA1BD79F}.Debug|Any CPU.Deploy.0 = Debug|Any CPU
		{B03ACFD4-414A-4A7A-AD08-33E8DA1BD79F}.Debug|iPhone.ActiveCfg = Debug|Any CPU
		{B03ACFD4-414A-4A7A-AD08-33E8DA1BD79F}.Debug|iPhone.Build.0 = Debug|Any CPU
		{B03ACFD4-414A-4A7A-AD08-33E8DA1BD79F}.Debug|iPhone.Deploy.0 = Debug|Any CPU
		{B03ACFD4-414A-4A7A-AD08-33E8DA1BD79F}.Debug|iPhoneSimulator.ActiveCfg = Debug|Any CPU
		{B03ACFD4-414A-4A7A-AD08-33E8DA1BD79F}.Debug|iPhoneSimulator.Build.0 = Debug|Any CPU
		{B03ACFD4-414A-4A7A-AD08-33E8DA1BD79F}.Debug|iPhoneSimulator.Deploy.0 = Debug|Any CPU
		{B03ACFD4-414A-4A7A-AD08-33E8DA1BD79F}.Release|Any CPU.ActiveCfg = Release|Any CPU
		{B03ACFD4-414A-4A7A-AD08-33E8DA1BD79F}.Release|Any CPU.Build.0 = Release|Any CPU
		{B03ACFD4-414A-4A7A-AD08-33E8DA1BD79F}.Release|Any CPU.Deploy.0 = Release|Any CPU
		{B03ACFD4-414A-4A7A-AD08-33E8DA1BD79F}.Release|iPhone.ActiveCfg = Release|Any CPU
		{B03ACFD4-414A-4A7A-AD08-33E8DA1BD79F}.Release|iPhone.Build.0 = Release|Any CPU
		{B03ACFD4-414A-4A7A-AD08-33E8DA1BD79F}.Release|iPhone.Deploy.0 = Release|Any CPU
		{B03ACFD4-414A-4A7A-AD08-33E8DA1BD79F}.Release|iPhoneSimulator.ActiveCfg = Release|Any CPU
		{B03ACFD4-414A-4A7A-AD08-33E8DA1BD79F}.Release|iPhoneSimulator.Build.0 = Release|Any CPU
		{B03ACFD4-414A-4A7A-AD08-33E8DA1BD79F}.Release|iPhoneSimulator.Deploy.0 = Release|Any CPU
		{8B6BEFF9-DA15-4E86-A0F2-9A99492A5BB7}.Debug|Any CPU.ActiveCfg = Debug|iPhone
		{8B6BEFF9-DA15-4E86-A0F2-9A99492A5BB7}.Debug|Any CPU.Build.0 = Debug|iPhone
		{8B6BEFF9-DA15-4E86-A0F2-9A99492A5BB7}.Debug|Any CPU.Deploy.0 = Debug|iPhone
		{8B6BEFF9-DA15-4E86-A0F2-9A99492A5BB7}.Debug|iPhone.ActiveCfg = Debug|iPhone
		{8B6BEFF9-DA15-4E86-A0F2-9A99492A5BB7}.Debug|iPhone.Build.0 = Debug|iPhone
		{8B6BEFF9-DA15-4E86-A0F2-9A99492A5BB7}.Debug|iPhone.Deploy.0 = Debug|iPhone
		{8B6BEFF9-DA15-4E86-A0F2-9A99492A5BB7}.Debug|iPhoneSimulator.ActiveCfg = Debug|iPhoneSimulator
		{8B6BEFF9-DA15-4E86-A0F2-9A99492A5BB7}.Debug|iPhoneSimulator.Build.0 = Debug|iPhoneSimulator
		{8B6BEFF9-DA15-4E86-A0F2-9A99492A5BB7}.Debug|iPhoneSimulator.Deploy.0 = Debug|iPhoneSimulator
		{8B6BEFF9-DA15-4E86-A0F2-9A99492A5BB7}.Release|Any CPU.ActiveCfg = Release|iPhoneSimulator
		{8B6BEFF9-DA15-4E86-A0F2-9A99492A5BB7}.Release|Any CPU.Build.0 = Release|iPhoneSimulator
		{8B6BEFF9-DA15-4E86-A0F2-9A99492A5BB7}.Release|Any CPU.Deploy.0 = Release|iPhoneSimulator
		{8B6BEFF9-DA15-4E86-A0F2-9A99492A5BB7}.Release|iPhone.ActiveCfg = Release|iPhone
		{8B6BEFF9-DA15-4E86-A0F2-9A99492A5BB7}.Release|iPhone.Build.0 = Release|iPhone
		{8B6BEFF9-DA15-4E86-A0F2-9A99492A5BB7}.Release|iPhone.Deploy.0 = Release|iPhone
		{8B6BEFF9-DA15-4E86-A0F2-9A99492A5BB7}.Release|iPhoneSimulator.ActiveCfg = Release|iPhoneSimulator
		{8B6BEFF9-DA15-4E86-A0F2-9A99492A5BB7}.Release|iPhoneSimulator.Build.0 = Release|iPhoneSimulator
		{8B6BEFF9-DA15-4E86-A0F2-9A99492A5BB7}.Release|iPhoneSimulator.Deploy.0 = Release|iPhoneSimulator
		{A8864458-E1ED-4AE8-84AA-F6A5D5EE03F6}.Debug|Any CPU.ActiveCfg = Debug|Any CPU
		{A8864458-E1ED-4AE8-84AA-F6A5D5EE03F6}.Debug|Any CPU.Build.0 = Debug|Any CPU
		{A8864458-E1ED-4AE8-84AA-F6A5D5EE03F6}.Debug|Any CPU.Deploy.0 = Debug|Any CPU
		{A8864458-E1ED-4AE8-84AA-F6A5D5EE03F6}.Debug|iPhone.ActiveCfg = Debug|Any CPU
		{A8864458-E1ED-4AE8-84AA-F6A5D5EE03F6}.Debug|iPhone.Build.0 = Debug|Any CPU
		{A8864458-E1ED-4AE8-84AA-F6A5D5EE03F6}.Debug|iPhone.Deploy.0 = Debug|Any CPU
		{A8864458-E1ED-4AE8-84AA-F6A5D5EE03F6}.Debug|iPhoneSimulator.ActiveCfg = Debug|Any CPU
		{A8864458-E1ED-4AE8-84AA-F6A5D5EE03F6}.Debug|iPhoneSimulator.Build.0 = Debug|Any CPU
		{A8864458-E1ED-4AE8-84AA-F6A5D5EE03F6}.Debug|iPhoneSimulator.Deploy.0 = Debug|Any CPU
		{A8864458-E1ED-4AE8-84AA-F6A5D5EE03F6}.Release|Any CPU.ActiveCfg = Release|Any CPU
		{A8864458-E1ED-4AE8-84AA-F6A5D5EE03F6}.Release|Any CPU.Build.0 = Release|Any CPU
		{A8864458-E1ED-4AE8-84AA-F6A5D5EE03F6}.Release|Any CPU.Deploy.0 = Release|Any CPU
		{A8864458-E1ED-4AE8-84AA-F6A5D5EE03F6}.Release|iPhone.ActiveCfg = Release|Any CPU
		{A8864458-E1ED-4AE8-84AA-F6A5D5EE03F6}.Release|iPhone.Build.0 = Release|Any CPU
		{A8864458-E1ED-4AE8-84AA-F6A5D5EE03F6}.Release|iPhone.Deploy.0 = Release|Any CPU
		{A8864458-E1ED-4AE8-84AA-F6A5D5EE03F6}.Release|iPhoneSimulator.ActiveCfg = Release|Any CPU
		{A8864458-E1ED-4AE8-84AA-F6A5D5EE03F6}.Release|iPhoneSimulator.Build.0 = Release|Any CPU
		{A8864458-E1ED-4AE8-84AA-F6A5D5EE03F6}.Release|iPhoneSimulator.Deploy.0 = Release|Any CPU
	EndGlobalSection
	GlobalSection(SolutionProperties) = preSolution
		HideSolutionNode = FALSE
	EndGlobalSection
	GlobalSection(ExtensibilityGlobals) = postSolution
		SolutionGuid = {0AE27BC0-1C35-4B92-8C28-994D3F1C88B0}
	EndGlobalSection
EndGlobal
