
Microsoft Visual Studio Solution File, Format Version 12.00
# Visual Studio Version 16
VisualStudioVersion = 16.0.31702.278
MinimumVisualStudioVersion = 10.0.40219.1
Project("{FAE04EC0-301F-11D3-BF4B-00C04F79EFBC}") = "Lec18Pjt0001.Android", "Lec18Pjt0001\Lec18Pjt0001.Android\Lec18Pjt0001.Android.csproj", "{A897B493-F2F6-4A11-A03F-C3ECDF3F1466}"
EndProject
Project("{FAE04EC0-301F-11D3-BF4B-00C04F79EFBC}") = "Lec18Pjt0001.iOS", "Lec18Pjt0001\Lec18Pjt0001.iOS\Lec18Pjt0001.iOS.csproj", "{8FF96967-7B9C-4648-98E3-4EB0BA6E9C48}"
EndProject
Project("{FAE04EC0-301F-11D3-BF4B-00C04F79EFBC}") = "Lec18Pjt0001", "Lec18Pjt0001\Lec18Pjt0001\Lec18Pjt0001.csproj", "{B97FE12D-B3ED-46D2-9FB9-56673C9A732F}"
EndProject
Global
	GlobalSection(SolutionConfigurationPlatforms) = preSolution
		Debug|Any CPU = Debug|Any CPU
		Debug|iPhone = Debug|iPhone
		Debug|iPhoneSimulator = Debug|iPhoneSimulator
		Release|Any CPU = Release|Any CPU
		Release|iPhone = Release|iPhone
		Release|iPhoneSimulator = Release|iPhoneSimulator
	EndGlobalSection
	GlobalSection(ProjectConfigurationPlatforms) = postSolution
		{A897B493-F2F6-4A11-A03F-C3ECDF3F1466}.Debug|Any CPU.ActiveCfg = Debug|Any CPU
		{A897B493-F2F6-4A11-A03F-C3ECDF3F1466}.Debug|Any CPU.Build.0 = Debug|Any CPU
		{A897B493-F2F6-4A11-A03F-C3ECDF3F1466}.Debug|Any CPU.Deploy.0 = Debug|Any CPU
		{A897B493-F2F6-4A11-A03F-C3ECDF3F1466}.Debug|iPhone.ActiveCfg = Debug|Any CPU
		{A897B493-F2F6-4A11-A03F-C3ECDF3F1466}.Debug|iPhone.Build.0 = Debug|Any CPU
		{A897B493-F2F6-4A11-A03F-C3ECDF3F1466}.Debug|iPhone.Deploy.0 = Debug|Any CPU
		{A897B493-F2F6-4A11-A03F-C3ECDF3F1466}.Debug|iPhoneSimulator.ActiveCfg = Debug|Any CPU
		{A897B493-F2F6-4A11-A03F-C3ECDF3F1466}.Debug|iPhoneSimulator.Build.0 = Debug|Any CPU
		{A897B493-F2F6-4A11-A03F-C3ECDF3F1466}.Debug|iPhoneSimulator.Deploy.0 = Debug|Any CPU
		{A897B493-F2F6-4A11-A03F-C3ECDF3F1466}.Release|Any CPU.ActiveCfg = Release|Any CPU
		{A897B493-F2F6-4A11-A03F-C3ECDF3F1466}.Release|Any CPU.Build.0 = Release|Any CPU
		{A897B493-F2F6-4A11-A03F-C3ECDF3F1466}.Release|Any CPU.Deploy.0 = Release|Any CPU
		{A897B493-F2F6-4A11-A03F-C3ECDF3F1466}.Release|iPhone.ActiveCfg = Release|Any CPU
		{A897B493-F2F6-4A11-A03F-C3ECDF3F1466}.Release|iPhone.Build.0 = Release|Any CPU
		{A897B493-F2F6-4A11-A03F-C3ECDF3F1466}.Release|iPhone.Deploy.0 = Release|Any CPU
		{A897B493-F2F6-4A11-A03F-C3ECDF3F1466}.Release|iPhoneSimulator.ActiveCfg = Release|Any CPU
		{A897B493-F2F6-4A11-A03F-C3ECDF3F1466}.Release|iPhoneSimulator.Build.0 = Release|Any CPU
		{A897B493-F2F6-4A11-A03F-C3ECDF3F1466}.Release|iPhoneSimulator.Deploy.0 = Release|Any CPU
		{8FF96967-7B9C-4648-98E3-4EB0BA6E9C48}.Debug|Any CPU.ActiveCfg = Debug|iPhone
		{8FF96967-7B9C-4648-98E3-4EB0BA6E9C48}.Debug|Any CPU.Build.0 = Debug|iPhone
		{8FF96967-7B9C-4648-98E3-4EB0BA6E9C48}.Debug|Any CPU.Deploy.0 = Debug|iPhone
		{8FF96967-7B9C-4648-98E3-4EB0BA6E9C48}.Debug|iPhone.ActiveCfg = Debug|iPhone
		{8FF96967-7B9C-4648-98E3-4EB0BA6E9C48}.Debug|iPhone.Build.0 = Debug|iPhone
		{8FF96967-7B9C-4648-98E3-4EB0BA6E9C48}.Debug|iPhone.Deploy.0 = Debug|iPhone
		{8FF96967-7B9C-4648-98E3-4EB0BA6E9C48}.Debug|iPhoneSimulator.ActiveCfg = Debug|iPhoneSimulator
		{8FF96967-7B9C-4648-98E3-4EB0BA6E9C48}.Debug|iPhoneSimulator.Build.0 = Debug|iPhoneSimulator
		{8FF96967-7B9C-4648-98E3-4EB0BA6E9C48}.Debug|iPhoneSimulator.Deploy.0 = Debug|iPhoneSimulator
		{8FF96967-7B9C-4648-98E3-4EB0BA6E9C48}.Release|Any CPU.ActiveCfg = Release|iPhoneSimulator
		{8FF96967-7B9C-4648-98E3-4EB0BA6E9C48}.Release|Any CPU.Build.0 = Release|iPhoneSimulator
		{8FF96967-7B9C-4648-98E3-4EB0BA6E9C48}.Release|Any CPU.Deploy.0 = Release|iPhoneSimulator
		{8FF96967-7B9C-4648-98E3-4EB0BA6E9C48}.Release|iPhone.ActiveCfg = Release|iPhone
		{8FF96967-7B9C-4648-98E3-4EB0BA6E9C48}.Release|iPhone.Build.0 = Release|iPhone
		{8FF96967-7B9C-4648-98E3-4EB0BA6E9C48}.Release|iPhone.Deploy.0 = Release|iPhone
		{8FF96967-7B9C-4648-98E3-4EB0BA6E9C48}.Release|iPhoneSimulator.ActiveCfg = Release|iPhoneSimulator
		{8FF96967-7B9C-4648-98E3-4EB0BA6E9C48}.Release|iPhoneSimulator.Build.0 = Release|iPhoneSimulator
		{8FF96967-7B9C-4648-98E3-4EB0BA6E9C48}.Release|iPhoneSimulator.Deploy.0 = Release|iPhoneSimulator
		{B97FE12D-B3ED-46D2-9FB9-56673C9A732F}.Debug|Any CPU.ActiveCfg = Debug|Any CPU
		{B97FE12D-B3ED-46D2-9FB9-56673C9A732F}.Debug|Any CPU.Build.0 = Debug|Any CPU
		{B97FE12D-B3ED-46D2-9FB9-56673C9A732F}.Debug|Any CPU.Deploy.0 = Debug|Any CPU
		{B97FE12D-B3ED-46D2-9FB9-56673C9A732F}.Debug|iPhone.ActiveCfg = Debug|Any CPU
		{B97FE12D-B3ED-46D2-9FB9-56673C9A732F}.Debug|iPhone.Build.0 = Debug|Any CPU
		{B97FE12D-B3ED-46D2-9FB9-56673C9A732F}.Debug|iPhone.Deploy.0 = Debug|Any CPU
		{B97FE12D-B3ED-46D2-9FB9-56673C9A732F}.Debug|iPhoneSimulator.ActiveCfg = Debug|Any CPU
		{B97FE12D-B3ED-46D2-9FB9-56673C9A732F}.Debug|iPhoneSimulator.Build.0 = Debug|Any CPU
		{B97FE12D-B3ED-46D2-9FB9-56673C9A732F}.Debug|iPhoneSimulator.Deploy.0 = Debug|Any CPU
		{B97FE12D-B3ED-46D2-9FB9-56673C9A732F}.Release|Any CPU.ActiveCfg = Release|Any CPU
		{B97FE12D-B3ED-46D2-9FB9-56673C9A732F}.Release|Any CPU.Build.0 = Release|Any CPU
		{B97FE12D-B3ED-46D2-9FB9-56673C9A732F}.Release|Any CPU.Deploy.0 = Release|Any CPU
		{B97FE12D-B3ED-46D2-9FB9-56673C9A732F}.Release|iPhone.ActiveCfg = Release|Any CPU
		{B97FE12D-B3ED-46D2-9FB9-56673C9A732F}.Release|iPhone.Build.0 = Release|Any CPU
		{B97FE12D-B3ED-46D2-9FB9-56673C9A732F}.Release|iPhone.Deploy.0 = Release|Any CPU
		{B97FE12D-B3ED-46D2-9FB9-56673C9A732F}.Release|iPhoneSimulator.ActiveCfg = Release|Any CPU
		{B97FE12D-B3ED-46D2-9FB9-56673C9A732F}.Release|iPhoneSimulator.Build.0 = Release|Any CPU
		{B97FE12D-B3ED-46D2-9FB9-56673C9A732F}.Release|iPhoneSimulator.Deploy.0 = Release|Any CPU
	EndGlobalSection
	GlobalSection(SolutionProperties) = preSolution
		HideSolutionNode = FALSE
	EndGlobalSection
	GlobalSection(ExtensibilityGlobals) = postSolution
		SolutionGuid = {9475E440-3D9A-4DCB-BD2C-C4D166938769}
	EndGlobalSection
EndGlobal
