
Microsoft Visual Studio Solution File, Format Version 12.00
# Visual Studio Version 16
VisualStudioVersion = 16.0.31702.278
MinimumVisualStudioVersion = 10.0.40219.1
Project("{FAE04EC0-301F-11D3-BF4B-00C04F79EFBC}") = "Lec09Pjt0001.UWP", "Lec09Pjt0001\Lec09Pjt0001.UWP\Lec09Pjt0001.UWP.csproj", "{7F1F409F-39C3-4493-A8B8-1D58798A9DAA}"
EndProject
Project("{FAE04EC0-301F-11D3-BF4B-00C04F79EFBC}") = "Lec09Pjt0001.Android", "Lec09Pjt0001\Lec09Pjt0001.Android\Lec09Pjt0001.Android.csproj", "{586AE9DA-08D9-4A6E-9CBB-1C25BFB76798}"
EndProject
Project("{FAE04EC0-301F-11D3-BF4B-00C04F79EFBC}") = "Lec09Pjt0001.iOS", "Lec09Pjt0001\Lec09Pjt0001.iOS\Lec09Pjt0001.iOS.csproj", "{A4A16C07-B82F-49C8-983A-EF3D5E0C7333}"
EndProject
Project("{FAE04EC0-301F-11D3-BF4B-00C04F79EFBC}") = "Lec09Pjt0001", "Lec09Pjt0001\Lec09Pjt0001\Lec09Pjt0001.csproj", "{6567AEB2-0B3D-4888-BD37-2DD1E061C860}"
EndProject
Global
	GlobalSection(SolutionConfigurationPlatforms) = preSolution
		Debug|Any CPU = Debug|Any CPU
		Debug|ARM = Debug|ARM
		Debug|iPhone = Debug|iPhone
		Debug|iPhoneSimulator = Debug|iPhoneSimulator
		Debug|x64 = Debug|x64
		Debug|x86 = Debug|x86
		Release|Any CPU = Release|Any CPU
		Release|ARM = Release|ARM
		Release|iPhone = Release|iPhone
		Release|iPhoneSimulator = Release|iPhoneSimulator
		Release|x64 = Release|x64
		Release|x86 = Release|x86
	EndGlobalSection
	GlobalSection(ProjectConfigurationPlatforms) = postSolution
		{7F1F409F-39C3-4493-A8B8-1D58798A9DAA}.Debug|Any CPU.ActiveCfg = Debug|x86
		{7F1F409F-39C3-4493-A8B8-1D58798A9DAA}.Debug|Any CPU.Build.0 = Debug|x86
		{7F1F409F-39C3-4493-A8B8-1D58798A9DAA}.Debug|Any CPU.Deploy.0 = Debug|x86
		{7F1F409F-39C3-4493-A8B8-1D58798A9DAA}.Debug|ARM.ActiveCfg = Debug|ARM
		{7F1F409F-39C3-4493-A8B8-1D58798A9DAA}.Debug|ARM.Build.0 = Debug|ARM
		{7F1F409F-39C3-4493-A8B8-1D58798A9DAA}.Debug|ARM.Deploy.0 = Debug|ARM
		{7F1F409F-39C3-4493-A8B8-1D58798A9DAA}.Debug|iPhone.ActiveCfg = Debug|x86
		{7F1F409F-39C3-4493-A8B8-1D58798A9DAA}.Debug|iPhone.Build.0 = Debug|x86
		{7F1F409F-39C3-4493-A8B8-1D58798A9DAA}.Debug|iPhone.Deploy.0 = Debug|x86
		{7F1F409F-39C3-4493-A8B8-1D58798A9DAA}.Debug|iPhoneSimulator.ActiveCfg = Debug|x86
		{7F1F409F-39C3-4493-A8B8-1D58798A9DAA}.Debug|iPhoneSimulator.Build.0 = Debug|x86
		{7F1F409F-39C3-4493-A8B8-1D58798A9DAA}.Debug|iPhoneSimulator.Deploy.0 = Debug|x86
		{7F1F409F-39C3-4493-A8B8-1D58798A9DAA}.Debug|x64.ActiveCfg = Debug|x64
		{7F1F409F-39C3-4493-A8B8-1D58798A9DAA}.Debug|x64.Build.0 = Debug|x64
		{7F1F409F-39C3-4493-A8B8-1D58798A9DAA}.Debug|x64.Deploy.0 = Debug|x64
		{7F1F409F-39C3-4493-A8B8-1D58798A9DAA}.Debug|x86.ActiveCfg = Debug|x86
		{7F1F409F-39C3-4493-A8B8-1D58798A9DAA}.Debug|x86.Build.0 = Debug|x86
		{7F1F409F-39C3-4493-A8B8-1D58798A9DAA}.Debug|x86.Deploy.0 = Debug|x86
		{7F1F409F-39C3-4493-A8B8-1D58798A9DAA}.Release|Any CPU.ActiveCfg = Release|x86
		{7F1F409F-39C3-4493-A8B8-1D58798A9DAA}.Release|Any CPU.Build.0 = Release|x86
		{7F1F409F-39C3-4493-A8B8-1D58798A9DAA}.Release|Any CPU.Deploy.0 = Release|x86
		{7F1F409F-39C3-4493-A8B8-1D58798A9DAA}.Release|ARM.ActiveCfg = Release|ARM
		{7F1F409F-39C3-4493-A8B8-1D58798A9DAA}.Release|ARM.Build.0 = Release|ARM
		{7F1F409F-39C3-4493-A8B8-1D58798A9DAA}.Release|ARM.Deploy.0 = Release|ARM
		{7F1F409F-39C3-4493-A8B8-1D58798A9DAA}.Release|iPhone.ActiveCfg = Release|x86
		{7F1F409F-39C3-4493-A8B8-1D58798A9DAA}.Release|iPhone.Build.0 = Release|x86
		{7F1F409F-39C3-4493-A8B8-1D58798A9DAA}.Release|iPhone.Deploy.0 = Release|x86
		{7F1F409F-39C3-4493-A8B8-1D58798A9DAA}.Release|iPhoneSimulator.ActiveCfg = Release|x86
		{7F1F409F-39C3-4493-A8B8-1D58798A9DAA}.Release|iPhoneSimulator.Build.0 = Release|x86
		{7F1F409F-39C3-4493-A8B8-1D58798A9DAA}.Release|iPhoneSimulator.Deploy.0 = Release|x86
		{7F1F409F-39C3-4493-A8B8-1D58798A9DAA}.Release|x64.ActiveCfg = Release|x64
		{7F1F409F-39C3-4493-A8B8-1D58798A9DAA}.Release|x64.Build.0 = Release|x64
		{7F1F409F-39C3-4493-A8B8-1D58798A9DAA}.Release|x64.Deploy.0 = Release|x64
		{7F1F409F-39C3-4493-A8B8-1D58798A9DAA}.Release|x86.ActiveCfg = Release|x86
		{7F1F409F-39C3-4493-A8B8-1D58798A9DAA}.Release|x86.Build.0 = Release|x86
		{7F1F409F-39C3-4493-A8B8-1D58798A9DAA}.Release|x86.Deploy.0 = Release|x86
		{586AE9DA-08D9-4A6E-9CBB-1C25BFB76798}.Debug|Any CPU.ActiveCfg = Debug|Any CPU
		{586AE9DA-08D9-4A6E-9CBB-1C25BFB76798}.Debug|Any CPU.Build.0 = Debug|Any CPU
		{586AE9DA-08D9-4A6E-9CBB-1C25BFB76798}.Debug|Any CPU.Deploy.0 = Debug|Any CPU
		{586AE9DA-08D9-4A6E-9CBB-1C25BFB76798}.Debug|ARM.ActiveCfg = Debug|Any CPU
		{586AE9DA-08D9-4A6E-9CBB-1C25BFB76798}.Debug|ARM.Build.0 = Debug|Any CPU
		{586AE9DA-08D9-4A6E-9CBB-1C25BFB76798}.Debug|ARM.Deploy.0 = Debug|Any CPU
		{586AE9DA-08D9-4A6E-9CBB-1C25BFB76798}.Debug|iPhone.ActiveCfg = Debug|Any CPU
		{586AE9DA-08D9-4A6E-9CBB-1C25BFB76798}.Debug|iPhone.Build.0 = Debug|Any CPU
		{586AE9DA-08D9-4A6E-9CBB-1C25BFB76798}.Debug|iPhone.Deploy.0 = Debug|Any CPU
		{586AE9DA-08D9-4A6E-9CBB-1C25BFB76798}.Debug|iPhoneSimulator.ActiveCfg = Debug|Any CPU
		{586AE9DA-08D9-4A6E-9CBB-1C25BFB76798}.Debug|iPhoneSimulator.Build.0 = Debug|Any CPU
		{586AE9DA-08D9-4A6E-9CBB-1C25BFB76798}.Debug|iPhoneSimulator.Deploy.0 = Debug|Any CPU
		{586AE9DA-08D9-4A6E-9CBB-1C25BFB76798}.Debug|x64.ActiveCfg = Debug|Any CPU
		{586AE9DA-08D9-4A6E-9CBB-1C25BFB76798}.Debug|x64.Build.0 = Debug|Any CPU
		{586AE9DA-08D9-4A6E-9CBB-1C25BFB76798}.Debug|x64.Deploy.0 = Debug|Any CPU
		{586AE9DA-08D9-4A6E-9CBB-1C25BFB76798}.Debug|x86.ActiveCfg = Debug|Any CPU
		{586AE9DA-08D9-4A6E-9CBB-1C25BFB76798}.Debug|x86.Build.0 = Debug|Any CPU
		{586AE9DA-08D9-4A6E-9CBB-1C25BFB76798}.Debug|x86.Deploy.0 = Debug|Any CPU
		{586AE9DA-08D9-4A6E-9CBB-1C25BFB76798}.Release|Any CPU.ActiveCfg = Release|Any CPU
		{586AE9DA-08D9-4A6E-9CBB-1C25BFB76798}.Release|Any CPU.Build.0 = Release|Any CPU
		{586AE9DA-08D9-4A6E-9CBB-1C25BFB76798}.Release|Any CPU.Deploy.0 = Release|Any CPU
		{586AE9DA-08D9-4A6E-9CBB-1C25BFB76798}.Release|ARM.ActiveCfg = Release|Any CPU
		{586AE9DA-08D9-4A6E-9CBB-1C25BFB76798}.Release|ARM.Build.0 = Release|Any CPU
		{586AE9DA-08D9-4A6E-9CBB-1C25BFB76798}.Release|ARM.Deploy.0 = Release|Any CPU
		{586AE9DA-08D9-4A6E-9CBB-1C25BFB76798}.Release|iPhone.ActiveCfg = Release|Any CPU
		{586AE9DA-08D9-4A6E-9CBB-1C25BFB76798}.Release|iPhone.Build.0 = Release|Any CPU
		{586AE9DA-08D9-4A6E-9CBB-1C25BFB76798}.Release|iPhone.Deploy.0 = Release|Any CPU
		{586AE9DA-08D9-4A6E-9CBB-1C25BFB76798}.Release|iPhoneSimulator.ActiveCfg = Release|Any CPU
		{586AE9DA-08D9-4A6E-9CBB-1C25BFB76798}.Release|iPhoneSimulator.Build.0 = Release|Any CPU
		{586AE9DA-08D9-4A6E-9CBB-1C25BFB76798}.Release|iPhoneSimulator.Deploy.0 = Release|Any CPU
		{586AE9DA-08D9-4A6E-9CBB-1C25BFB76798}.Release|x64.ActiveCfg = Release|Any CPU
		{586AE9DA-08D9-4A6E-9CBB-1C25BFB76798}.Release|x64.Build.0 = Release|Any CPU
		{586AE9DA-08D9-4A6E-9CBB-1C25BFB76798}.Release|x64.Deploy.0 = Release|Any CPU
		{586AE9DA-08D9-4A6E-9CBB-1C25BFB76798}.Release|x86.ActiveCfg = Release|Any CPU
		{586AE9DA-08D9-4A6E-9CBB-1C25BFB76798}.Release|x86.Build.0 = Release|Any CPU
		{586AE9DA-08D9-4A6E-9CBB-1C25BFB76798}.Release|x86.Deploy.0 = Release|Any CPU
		{A4A16C07-B82F-49C8-983A-EF3D5E0C7333}.Debug|Any CPU.ActiveCfg = Debug|iPhoneSimulator
		{A4A16C07-B82F-49C8-983A-EF3D5E0C7333}.Debug|Any CPU.Build.0 = Debug|iPhoneSimulator
		{A4A16C07-B82F-49C8-983A-EF3D5E0C7333}.Debug|Any CPU.Deploy.0 = Debug|iPhoneSimulator
		{A4A16C07-B82F-49C8-983A-EF3D5E0C7333}.Debug|ARM.ActiveCfg = Debug|iPhone
		{A4A16C07-B82F-49C8-983A-EF3D5E0C7333}.Debug|ARM.Build.0 = Debug|iPhone
		{A4A16C07-B82F-49C8-983A-EF3D5E0C7333}.Debug|ARM.Deploy.0 = Debug|iPhone
		{A4A16C07-B82F-49C8-983A-EF3D5E0C7333}.Debug|iPhone.ActiveCfg = Debug|iPhone
		{A4A16C07-B82F-49C8-983A-EF3D5E0C7333}.Debug|iPhone.Build.0 = Debug|iPhone
		{A4A16C07-B82F-49C8-983A-EF3D5E0C7333}.Debug|iPhone.Deploy.0 = Debug|iPhone
		{A4A16C07-B82F-49C8-983A-EF3D5E0C7333}.Debug|iPhoneSimulator.ActiveCfg = Debug|iPhoneSimulator
		{A4A16C07-B82F-49C8-983A-EF3D5E0C7333}.Debug|iPhoneSimulator.Build.0 = Debug|iPhoneSimulator
		{A4A16C07-B82F-49C8-983A-EF3D5E0C7333}.Debug|iPhoneSimulator.Deploy.0 = Debug|iPhoneSimulator
		{A4A16C07-B82F-49C8-983A-EF3D5E0C7333}.Debug|x64.ActiveCfg = Debug|iPhoneSimulator
		{A4A16C07-B82F-49C8-983A-EF3D5E0C7333}.Debug|x64.Build.0 = Debug|iPhoneSimulator
		{A4A16C07-B82F-49C8-983A-EF3D5E0C7333}.Debug|x64.Deploy.0 = Debug|iPhoneSimulator
		{A4A16C07-B82F-49C8-983A-EF3D5E0C7333}.Debug|x86.ActiveCfg = Debug|iPhoneSimulator
		{A4A16C07-B82F-49C8-983A-EF3D5E0C7333}.Debug|x86.Build.0 = Debug|iPhoneSimulator
		{A4A16C07-B82F-49C8-983A-EF3D5E0C7333}.Debug|x86.Deploy.0 = Debug|iPhoneSimulator
		{A4A16C07-B82F-49C8-983A-EF3D5E0C7333}.Release|Any CPU.ActiveCfg = Release|iPhoneSimulator
		{A4A16C07-B82F-49C8-983A-EF3D5E0C7333}.Release|Any CPU.Build.0 = Release|iPhoneSimulator
		{A4A16C07-B82F-49C8-983A-EF3D5E0C7333}.Release|Any CPU.Deploy.0 = Release|iPhoneSimulator
		{A4A16C07-B82F-49C8-983A-EF3D5E0C7333}.Release|ARM.ActiveCfg = Release|iPhoneSimulator
		{A4A16C07-B82F-49C8-983A-EF3D5E0C7333}.Release|ARM.Build.0 = Release|iPhoneSimulator
		{A4A16C07-B82F-49C8-983A-EF3D5E0C7333}.Release|ARM.Deploy.0 = Release|iPhoneSimulator
		{A4A16C07-B82F-49C8-983A-EF3D5E0C7333}.Release|iPhone.ActiveCfg = Release|iPhone
		{A4A16C07-B82F-49C8-983A-EF3D5E0C7333}.Release|iPhone.Build.0 = Release|iPhone
		{A4A16C07-B82F-49C8-983A-EF3D5E0C7333}.Release|iPhone.Deploy.0 = Release|iPhone
		{A4A16C07-B82F-49C8-983A-EF3D5E0C7333}.Release|iPhoneSimulator.ActiveCfg = Release|iPhoneSimulator
		{A4A16C07-B82F-49C8-983A-EF3D5E0C7333}.Release|iPhoneSimulator.Build.0 = Release|iPhoneSimulator
		{A4A16C07-B82F-49C8-983A-EF3D5E0C7333}.Release|iPhoneSimulator.Deploy.0 = Release|iPhoneSimulator
		{A4A16C07-B82F-49C8-983A-EF3D5E0C7333}.Release|x64.ActiveCfg = Release|iPhoneSimulator
		{A4A16C07-B82F-49C8-983A-EF3D5E0C7333}.Release|x64.Build.0 = Release|iPhoneSimulator
		{A4A16C07-B82F-49C8-983A-EF3D5E0C7333}.Release|x64.Deploy.0 = Release|iPhoneSimulator
		{A4A16C07-B82F-49C8-983A-EF3D5E0C7333}.Release|x86.ActiveCfg = Release|iPhoneSimulator
		{A4A16C07-B82F-49C8-983A-EF3D5E0C7333}.Release|x86.Build.0 = Release|iPhoneSimulator
		{A4A16C07-B82F-49C8-983A-EF3D5E0C7333}.Release|x86.Deploy.0 = Release|iPhoneSimulator
		{6567AEB2-0B3D-4888-BD37-2DD1E061C860}.Debug|Any CPU.ActiveCfg = Debug|Any CPU
		{6567AEB2-0B3D-4888-BD37-2DD1E061C860}.Debug|Any CPU.Build.0 = Debug|Any CPU
		{6567AEB2-0B3D-4888-BD37-2DD1E061C860}.Debug|Any CPU.Deploy.0 = Debug|Any CPU
		{6567AEB2-0B3D-4888-BD37-2DD1E061C860}.Debug|ARM.ActiveCfg = Debug|Any CPU
		{6567AEB2-0B3D-4888-BD37-2DD1E061C860}.Debug|ARM.Build.0 = Debug|Any CPU
		{6567AEB2-0B3D-4888-BD37-2DD1E061C860}.Debug|ARM.Deploy.0 = Debug|Any CPU
		{6567AEB2-0B3D-4888-BD37-2DD1E061C860}.Debug|iPhone.ActiveCfg = Debug|Any CPU
		{6567AEB2-0B3D-4888-BD37-2DD1E061C860}.Debug|iPhone.Build.0 = Debug|Any CPU
		{6567AEB2-0B3D-4888-BD37-2DD1E061C860}.Debug|iPhone.Deploy.0 = Debug|Any CPU
		{6567AEB2-0B3D-4888-BD37-2DD1E061C860}.Debug|iPhoneSimulator.ActiveCfg = Debug|Any CPU
		{6567AEB2-0B3D-4888-BD37-2DD1E061C860}.Debug|iPhoneSimulator.Build.0 = Debug|Any CPU
		{6567AEB2-0B3D-4888-BD37-2DD1E061C860}.Debug|iPhoneSimulator.Deploy.0 = Debug|Any CPU
		{6567AEB2-0B3D-4888-BD37-2DD1E061C860}.Debug|x64.ActiveCfg = Debug|Any CPU
		{6567AEB2-0B3D-4888-BD37-2DD1E061C860}.Debug|x64.Build.0 = Debug|Any CPU
		{6567AEB2-0B3D-4888-BD37-2DD1E061C860}.Debug|x64.Deploy.0 = Debug|Any CPU
		{6567AEB2-0B3D-4888-BD37-2DD1E061C860}.Debug|x86.ActiveCfg = Debug|Any CPU
		{6567AEB2-0B3D-4888-BD37-2DD1E061C860}.Debug|x86.Build.0 = Debug|Any CPU
		{6567AEB2-0B3D-4888-BD37-2DD1E061C860}.Debug|x86.Deploy.0 = Debug|Any CPU
		{6567AEB2-0B3D-4888-BD37-2DD1E061C860}.Release|Any CPU.ActiveCfg = Release|Any CPU
		{6567AEB2-0B3D-4888-BD37-2DD1E061C860}.Release|Any CPU.Build.0 = Release|Any CPU
		{6567AEB2-0B3D-4888-BD37-2DD1E061C860}.Release|Any CPU.Deploy.0 = Release|Any CPU
		{6567AEB2-0B3D-4888-BD37-2DD1E061C860}.Release|ARM.ActiveCfg = Release|Any CPU
		{6567AEB2-0B3D-4888-BD37-2DD1E061C860}.Release|ARM.Build.0 = Release|Any CPU
		{6567AEB2-0B3D-4888-BD37-2DD1E061C860}.Release|ARM.Deploy.0 = Release|Any CPU
		{6567AEB2-0B3D-4888-BD37-2DD1E061C860}.Release|iPhone.ActiveCfg = Release|Any CPU
		{6567AEB2-0B3D-4888-BD37-2DD1E061C860}.Release|iPhone.Build.0 = Release|Any CPU
		{6567AEB2-0B3D-4888-BD37-2DD1E061C860}.Release|iPhone.Deploy.0 = Release|Any CPU
		{6567AEB2-0B3D-4888-BD37-2DD1E061C860}.Release|iPhoneSimulator.ActiveCfg = Release|Any CPU
		{6567AEB2-0B3D-4888-BD37-2DD1E061C860}.Release|iPhoneSimulator.Build.0 = Release|Any CPU
		{6567AEB2-0B3D-4888-BD37-2DD1E061C860}.Release|iPhoneSimulator.Deploy.0 = Release|Any CPU
		{6567AEB2-0B3D-4888-BD37-2DD1E061C860}.Release|x64.ActiveCfg = Release|Any CPU
		{6567AEB2-0B3D-4888-BD37-2DD1E061C860}.Release|x64.Build.0 = Release|Any CPU
		{6567AEB2-0B3D-4888-BD37-2DD1E061C860}.Release|x64.Deploy.0 = Release|Any CPU
		{6567AEB2-0B3D-4888-BD37-2DD1E061C860}.Release|x86.ActiveCfg = Release|Any CPU
		{6567AEB2-0B3D-4888-BD37-2DD1E061C860}.Release|x86.Build.0 = Release|Any CPU
		{6567AEB2-0B3D-4888-BD37-2DD1E061C860}.Release|x86.Deploy.0 = Release|Any CPU
	EndGlobalSection
	GlobalSection(SolutionProperties) = preSolution
		HideSolutionNode = FALSE
	EndGlobalSection
	GlobalSection(ExtensibilityGlobals) = postSolution
		SolutionGuid = {262F902A-AFAB-46E1-A972-0B0E470D0C42}
	EndGlobalSection
EndGlobal
