
Microsoft Visual Studio Solution File, Format Version 12.00
# Visual Studio Version 16
VisualStudioVersion = 16.0.31702.278
MinimumVisualStudioVersion = 10.0.40219.1
Project("{FAE04EC0-301F-11D3-BF4B-00C04F79EFBC}") = "Lec10Pjt0001.UWP", "Lec10Pjt0001\Lec10Pjt0001.UWP\Lec10Pjt0001.UWP.csproj", "{95B5E8F8-83F4-4654-BCC0-51BD14BCAB03}"
EndProject
Project("{FAE04EC0-301F-11D3-BF4B-00C04F79EFBC}") = "Lec10Pjt0001.Android", "Lec10Pjt0001\Lec10Pjt0001.Android\Lec10Pjt0001.Android.csproj", "{5ED0EE83-12D3-4C7A-9618-0A542898578D}"
EndProject
Project("{FAE04EC0-301F-11D3-BF4B-00C04F79EFBC}") = "Lec10Pjt0001.iOS", "Lec10Pjt0001\Lec10Pjt0001.iOS\Lec10Pjt0001.iOS.csproj", "{FF028E12-1F6E-4F7A-99EF-16B59CF3E212}"
EndProject
Project("{FAE04EC0-301F-11D3-BF4B-00C04F79EFBC}") = "Lec10Pjt0001", "Lec10Pjt0001\Lec10Pjt0001\Lec10Pjt0001.csproj", "{71449AC5-ED6D-41FD-806D-DA93DA68CCCA}"
EndProject
Global
	GlobalSection(SolutionConfigurationPlatforms) = preSolution
		Debug|Any CPU = Debug|Any CPU
		Debug|ARM = Debug|ARM
		Debug|iPhone = Debug|iPhone
		Debug|iPhoneSimulator = Debug|iPhoneSimulator
		Debug|x64 = Debug|x64
		Debug|x86 = Debug|x86
		Release|Any CPU = Release|Any CPU
		Release|ARM = Release|ARM
		Release|iPhone = Release|iPhone
		Release|iPhoneSimulator = Release|iPhoneSimulator
		Release|x64 = Release|x64
		Release|x86 = Release|x86
	EndGlobalSection
	GlobalSection(ProjectConfigurationPlatforms) = postSolution
		{95B5E8F8-83F4-4654-BCC0-51BD14BCAB03}.Debug|Any CPU.ActiveCfg = Debug|x86
		{95B5E8F8-83F4-4654-BCC0-51BD14BCAB03}.Debug|Any CPU.Build.0 = Debug|x86
		{95B5E8F8-83F4-4654-BCC0-51BD14BCAB03}.Debug|Any CPU.Deploy.0 = Debug|x86
		{95B5E8F8-83F4-4654-BCC0-51BD14BCAB03}.Debug|ARM.ActiveCfg = Debug|ARM
		{95B5E8F8-83F4-4654-BCC0-51BD14BCAB03}.Debug|ARM.Build.0 = Debug|ARM
		{95B5E8F8-83F4-4654-BCC0-51BD14BCAB03}.Debug|ARM.Deploy.0 = Debug|ARM
		{95B5E8F8-83F4-4654-BCC0-51BD14BCAB03}.Debug|iPhone.ActiveCfg = Debug|x86
		{95B5E8F8-83F4-4654-BCC0-51BD14BCAB03}.Debug|iPhone.Build.0 = Debug|x86
		{95B5E8F8-83F4-4654-BCC0-51BD14BCAB03}.Debug|iPhone.Deploy.0 = Debug|x86
		{95B5E8F8-83F4-4654-BCC0-51BD14BCAB03}.Debug|iPhoneSimulator.ActiveCfg = Debug|x86
		{95B5E8F8-83F4-4654-BCC0-51BD14BCAB03}.Debug|iPhoneSimulator.Build.0 = Debug|x86
		{95B5E8F8-83F4-4654-BCC0-51BD14BCAB03}.Debug|iPhoneSimulator.Deploy.0 = Debug|x86
		{95B5E8F8-83F4-4654-BCC0-51BD14BCAB03}.Debug|x64.ActiveCfg = Debug|x64
		{95B5E8F8-83F4-4654-BCC0-51BD14BCAB03}.Debug|x64.Build.0 = Debug|x64
		{95B5E8F8-83F4-4654-BCC0-51BD14BCAB03}.Debug|x64.Deploy.0 = Debug|x64
		{95B5E8F8-83F4-4654-BCC0-51BD14BCAB03}.Debug|x86.ActiveCfg = Debug|x86
		{95B5E8F8-83F4-4654-BCC0-51BD14BCAB03}.Debug|x86.Build.0 = Debug|x86
		{95B5E8F8-83F4-4654-BCC0-51BD14BCAB03}.Debug|x86.Deploy.0 = Debug|x86
		{95B5E8F8-83F4-4654-BCC0-51BD14BCAB03}.Release|Any CPU.ActiveCfg = Release|x86
		{95B5E8F8-83F4-4654-BCC0-51BD14BCAB03}.Release|Any CPU.Build.0 = Release|x86
		{95B5E8F8-83F4-4654-BCC0-51BD14BCAB03}.Release|Any CPU.Deploy.0 = Release|x86
		{95B5E8F8-83F4-4654-BCC0-51BD14BCAB03}.Release|ARM.ActiveCfg = Release|ARM
		{95B5E8F8-83F4-4654-BCC0-51BD14BCAB03}.Release|ARM.Build.0 = Release|ARM
		{95B5E8F8-83F4-4654-BCC0-51BD14BCAB03}.Release|ARM.Deploy.0 = Release|ARM
		{95B5E8F8-83F4-4654-BCC0-51BD14BCAB03}.Release|iPhone.ActiveCfg = Release|x86
		{95B5E8F8-83F4-4654-BCC0-51BD14BCAB03}.Release|iPhone.Build.0 = Release|x86
		{95B5E8F8-83F4-4654-BCC0-51BD14BCAB03}.Release|iPhone.Deploy.0 = Release|x86
		{95B5E8F8-83F4-4654-BCC0-51BD14BCAB03}.Release|iPhoneSimulator.ActiveCfg = Release|x86
		{95B5E8F8-83F4-4654-BCC0-51BD14BCAB03}.Release|iPhoneSimulator.Build.0 = Release|x86
		{95B5E8F8-83F4-4654-BCC0-51BD14BCAB03}.Release|iPhoneSimulator.Deploy.0 = Release|x86
		{95B5E8F8-83F4-4654-BCC0-51BD14BCAB03}.Release|x64.ActiveCfg = Release|x64
		{95B5E8F8-83F4-4654-BCC0-51BD14BCAB03}.Release|x64.Build.0 = Release|x64
		{95B5E8F8-83F4-4654-BCC0-51BD14BCAB03}.Release|x64.Deploy.0 = Release|x64
		{95B5E8F8-83F4-4654-BCC0-51BD14BCAB03}.Release|x86.ActiveCfg = Release|x86
		{95B5E8F8-83F4-4654-BCC0-51BD14BCAB03}.Release|x86.Build.0 = Release|x86
		{95B5E8F8-83F4-4654-BCC0-51BD14BCAB03}.Release|x86.Deploy.0 = Release|x86
		{5ED0EE83-12D3-4C7A-9618-0A542898578D}.Debug|Any CPU.ActiveCfg = Debug|Any CPU
		{5ED0EE83-12D3-4C7A-9618-0A542898578D}.Debug|Any CPU.Build.0 = Debug|Any CPU
		{5ED0EE83-12D3-4C7A-9618-0A542898578D}.Debug|Any CPU.Deploy.0 = Debug|Any CPU
		{5ED0EE83-12D3-4C7A-9618-0A542898578D}.Debug|ARM.ActiveCfg = Debug|Any CPU
		{5ED0EE83-12D3-4C7A-9618-0A542898578D}.Debug|ARM.Build.0 = Debug|Any CPU
		{5ED0EE83-12D3-4C7A-9618-0A542898578D}.Debug|ARM.Deploy.0 = Debug|Any CPU
		{5ED0EE83-12D3-4C7A-9618-0A542898578D}.Debug|iPhone.ActiveCfg = Debug|Any CPU
		{5ED0EE83-12D3-4C7A-9618-0A542898578D}.Debug|iPhone.Build.0 = Debug|Any CPU
		{5ED0EE83-12D3-4C7A-9618-0A542898578D}.Debug|iPhone.Deploy.0 = Debug|Any CPU
		{5ED0EE83-12D3-4C7A-9618-0A542898578D}.Debug|iPhoneSimulator.ActiveCfg = Debug|Any CPU
		{5ED0EE83-12D3-4C7A-9618-0A542898578D}.Debug|iPhoneSimulator.Build.0 = Debug|Any CPU
		{5ED0EE83-12D3-4C7A-9618-0A542898578D}.Debug|iPhoneSimulator.Deploy.0 = Debug|Any CPU
		{5ED0EE83-12D3-4C7A-9618-0A542898578D}.Debug|x64.ActiveCfg = Debug|Any CPU
		{5ED0EE83-12D3-4C7A-9618-0A542898578D}.Debug|x64.Build.0 = Debug|Any CPU
		{5ED0EE83-12D3-4C7A-9618-0A542898578D}.Debug|x64.Deploy.0 = Debug|Any CPU
		{5ED0EE83-12D3-4C7A-9618-0A542898578D}.Debug|x86.ActiveCfg = Debug|Any CPU
		{5ED0EE83-12D3-4C7A-9618-0A542898578D}.Debug|x86.Build.0 = Debug|Any CPU
		{5ED0EE83-12D3-4C7A-9618-0A542898578D}.Debug|x86.Deploy.0 = Debug|Any CPU
		{5ED0EE83-12D3-4C7A-9618-0A542898578D}.Release|Any CPU.ActiveCfg = Release|Any CPU
		{5ED0EE83-12D3-4C7A-9618-0A542898578D}.Release|Any CPU.Build.0 = Release|Any CPU
		{5ED0EE83-12D3-4C7A-9618-0A542898578D}.Release|Any CPU.Deploy.0 = Release|Any CPU
		{5ED0EE83-12D3-4C7A-9618-0A542898578D}.Release|ARM.ActiveCfg = Release|Any CPU
		{5ED0EE83-12D3-4C7A-9618-0A542898578D}.Release|ARM.Build.0 = Release|Any CPU
		{5ED0EE83-12D3-4C7A-9618-0A542898578D}.Release|ARM.Deploy.0 = Release|Any CPU
		{5ED0EE83-12D3-4C7A-9618-0A542898578D}.Release|iPhone.ActiveCfg = Release|Any CPU
		{5ED0EE83-12D3-4C7A-9618-0A542898578D}.Release|iPhone.Build.0 = Release|Any CPU
		{5ED0EE83-12D3-4C7A-9618-0A542898578D}.Release|iPhone.Deploy.0 = Release|Any CPU
		{5ED0EE83-12D3-4C7A-9618-0A542898578D}.Release|iPhoneSimulator.ActiveCfg = Release|Any CPU
		{5ED0EE83-12D3-4C7A-9618-0A542898578D}.Release|iPhoneSimulator.Build.0 = Release|Any CPU
		{5ED0EE83-12D3-4C7A-9618-0A542898578D}.Release|iPhoneSimulator.Deploy.0 = Release|Any CPU
		{5ED0EE83-12D3-4C7A-9618-0A542898578D}.Release|x64.ActiveCfg = Release|Any CPU
		{5ED0EE83-12D3-4C7A-9618-0A542898578D}.Release|x64.Build.0 = Release|Any CPU
		{5ED0EE83-12D3-4C7A-9618-0A542898578D}.Release|x64.Deploy.0 = Release|Any CPU
		{5ED0EE83-12D3-4C7A-9618-0A542898578D}.Release|x86.ActiveCfg = Release|Any CPU
		{5ED0EE83-12D3-4C7A-9618-0A542898578D}.Release|x86.Build.0 = Release|Any CPU
		{5ED0EE83-12D3-4C7A-9618-0A542898578D}.Release|x86.Deploy.0 = Release|Any CPU
		{FF028E12-1F6E-4F7A-99EF-16B59CF3E212}.Debug|Any CPU.ActiveCfg = Debug|iPhoneSimulator
		{FF028E12-1F6E-4F7A-99EF-16B59CF3E212}.Debug|Any CPU.Build.0 = Debug|iPhoneSimulator
		{FF028E12-1F6E-4F7A-99EF-16B59CF3E212}.Debug|Any CPU.Deploy.0 = Debug|iPhoneSimulator
		{FF028E12-1F6E-4F7A-99EF-16B59CF3E212}.Debug|ARM.ActiveCfg = Debug|iPhone
		{FF028E12-1F6E-4F7A-99EF-16B59CF3E212}.Debug|ARM.Build.0 = Debug|iPhone
		{FF028E12-1F6E-4F7A-99EF-16B59CF3E212}.Debug|ARM.Deploy.0 = Debug|iPhone
		{FF028E12-1F6E-4F7A-99EF-16B59CF3E212}.Debug|iPhone.ActiveCfg = Debug|iPhone
		{FF028E12-1F6E-4F7A-99EF-16B59CF3E212}.Debug|iPhone.Build.0 = Debug|iPhone
		{FF028E12-1F6E-4F7A-99EF-16B59CF3E212}.Debug|iPhone.Deploy.0 = Debug|iPhone
		{FF028E12-1F6E-4F7A-99EF-16B59CF3E212}.Debug|iPhoneSimulator.ActiveCfg = Debug|iPhoneSimulator
		{FF028E12-1F6E-4F7A-99EF-16B59CF3E212}.Debug|iPhoneSimulator.Build.0 = Debug|iPhoneSimulator
		{FF028E12-1F6E-4F7A-99EF-16B59CF3E212}.Debug|iPhoneSimulator.Deploy.0 = Debug|iPhoneSimulator
		{FF028E12-1F6E-4F7A-99EF-16B59CF3E212}.Debug|x64.ActiveCfg = Debug|iPhoneSimulator
		{FF028E12-1F6E-4F7A-99EF-16B59CF3E212}.Debug|x64.Build.0 = Debug|iPhoneSimulator
		{FF028E12-1F6E-4F7A-99EF-16B59CF3E212}.Debug|x64.Deploy.0 = Debug|iPhoneSimulator
		{FF028E12-1F6E-4F7A-99EF-16B59CF3E212}.Debug|x86.ActiveCfg = Debug|iPhoneSimulator
		{FF028E12-1F6E-4F7A-99EF-16B59CF3E212}.Debug|x86.Build.0 = Debug|iPhoneSimulator
		{FF028E12-1F6E-4F7A-99EF-16B59CF3E212}.Debug|x86.Deploy.0 = Debug|iPhoneSimulator
		{FF028E12-1F6E-4F7A-99EF-16B59CF3E212}.Release|Any CPU.ActiveCfg = Release|iPhoneSimulator
		{FF028E12-1F6E-4F7A-99EF-16B59CF3E212}.Release|Any CPU.Build.0 = Release|iPhoneSimulator
		{FF028E12-1F6E-4F7A-99EF-16B59CF3E212}.Release|Any CPU.Deploy.0 = Release|iPhoneSimulator
		{FF028E12-1F6E-4F7A-99EF-16B59CF3E212}.Release|ARM.ActiveCfg = Release|iPhoneSimulator
		{FF028E12-1F6E-4F7A-99EF-16B59CF3E212}.Release|ARM.Build.0 = Release|iPhoneSimulator
		{FF028E12-1F6E-4F7A-99EF-16B59CF3E212}.Release|ARM.Deploy.0 = Release|iPhoneSimulator
		{FF028E12-1F6E-4F7A-99EF-16B59CF3E212}.Release|iPhone.ActiveCfg = Release|iPhone
		{FF028E12-1F6E-4F7A-99EF-16B59CF3E212}.Release|iPhone.Build.0 = Release|iPhone
		{FF028E12-1F6E-4F7A-99EF-16B59CF3E212}.Release|iPhone.Deploy.0 = Release|iPhone
		{FF028E12-1F6E-4F7A-99EF-16B59CF3E212}.Release|iPhoneSimulator.ActiveCfg = Release|iPhoneSimulator
		{FF028E12-1F6E-4F7A-99EF-16B59CF3E212}.Release|iPhoneSimulator.Build.0 = Release|iPhoneSimulator
		{FF028E12-1F6E-4F7A-99EF-16B59CF3E212}.Release|iPhoneSimulator.Deploy.0 = Release|iPhoneSimulator
		{FF028E12-1F6E-4F7A-99EF-16B59CF3E212}.Release|x64.ActiveCfg = Release|iPhoneSimulator
		{FF028E12-1F6E-4F7A-99EF-16B59CF3E212}.Release|x64.Build.0 = Release|iPhoneSimulator
		{FF028E12-1F6E-4F7A-99EF-16B59CF3E212}.Release|x64.Deploy.0 = Release|iPhoneSimulator
		{FF028E12-1F6E-4F7A-99EF-16B59CF3E212}.Release|x86.ActiveCfg = Release|iPhoneSimulator
		{FF028E12-1F6E-4F7A-99EF-16B59CF3E212}.Release|x86.Build.0 = Release|iPhoneSimulator
		{FF028E12-1F6E-4F7A-99EF-16B59CF3E212}.Release|x86.Deploy.0 = Release|iPhoneSimulator
		{71449AC5-ED6D-41FD-806D-DA93DA68CCCA}.Debug|Any CPU.ActiveCfg = Debug|Any CPU
		{71449AC5-ED6D-41FD-806D-DA93DA68CCCA}.Debug|Any CPU.Build.0 = Debug|Any CPU
		{71449AC5-ED6D-41FD-806D-DA93DA68CCCA}.Debug|Any CPU.Deploy.0 = Debug|Any CPU
		{71449AC5-ED6D-41FD-806D-DA93DA68CCCA}.Debug|ARM.ActiveCfg = Debug|Any CPU
		{71449AC5-ED6D-41FD-806D-DA93DA68CCCA}.Debug|ARM.Build.0 = Debug|Any CPU
		{71449AC5-ED6D-41FD-806D-DA93DA68CCCA}.Debug|ARM.Deploy.0 = Debug|Any CPU
		{71449AC5-ED6D-41FD-806D-DA93DA68CCCA}.Debug|iPhone.ActiveCfg = Debug|Any CPU
		{71449AC5-ED6D-41FD-806D-DA93DA68CCCA}.Debug|iPhone.Build.0 = Debug|Any CPU
		{71449AC5-ED6D-41FD-806D-DA93DA68CCCA}.Debug|iPhone.Deploy.0 = Debug|Any CPU
		{71449AC5-ED6D-41FD-806D-DA93DA68CCCA}.Debug|iPhoneSimulator.ActiveCfg = Debug|Any CPU
		{71449AC5-ED6D-41FD-806D-DA93DA68CCCA}.Debug|iPhoneSimulator.Build.0 = Debug|Any CPU
		{71449AC5-ED6D-41FD-806D-DA93DA68CCCA}.Debug|iPhoneSimulator.Deploy.0 = Debug|Any CPU
		{71449AC5-ED6D-41FD-806D-DA93DA68CCCA}.Debug|x64.ActiveCfg = Debug|Any CPU
		{71449AC5-ED6D-41FD-806D-DA93DA68CCCA}.Debug|x64.Build.0 = Debug|Any CPU
		{71449AC5-ED6D-41FD-806D-DA93DA68CCCA}.Debug|x64.Deploy.0 = Debug|Any CPU
		{71449AC5-ED6D-41FD-806D-DA93DA68CCCA}.Debug|x86.ActiveCfg = Debug|Any CPU
		{71449AC5-ED6D-41FD-806D-DA93DA68CCCA}.Debug|x86.Build.0 = Debug|Any CPU
		{71449AC5-ED6D-41FD-806D-DA93DA68CCCA}.Debug|x86.Deploy.0 = Debug|Any CPU
		{71449AC5-ED6D-41FD-806D-DA93DA68CCCA}.Release|Any CPU.ActiveCfg = Release|Any CPU
		{71449AC5-ED6D-41FD-806D-DA93DA68CCCA}.Release|Any CPU.Build.0 = Release|Any CPU
		{71449AC5-ED6D-41FD-806D-DA93DA68CCCA}.Release|Any CPU.Deploy.0 = Release|Any CPU
		{71449AC5-ED6D-41FD-806D-DA93DA68CCCA}.Release|ARM.ActiveCfg = Release|Any CPU
		{71449AC5-ED6D-41FD-806D-DA93DA68CCCA}.Release|ARM.Build.0 = Release|Any CPU
		{71449AC5-ED6D-41FD-806D-DA93DA68CCCA}.Release|ARM.Deploy.0 = Release|Any CPU
		{71449AC5-ED6D-41FD-806D-DA93DA68CCCA}.Release|iPhone.ActiveCfg = Release|Any CPU
		{71449AC5-ED6D-41FD-806D-DA93DA68CCCA}.Release|iPhone.Build.0 = Release|Any CPU
		{71449AC5-ED6D-41FD-806D-DA93DA68CCCA}.Release|iPhone.Deploy.0 = Release|Any CPU
		{71449AC5-ED6D-41FD-806D-DA93DA68CCCA}.Release|iPhoneSimulator.ActiveCfg = Release|Any CPU
		{71449AC5-ED6D-41FD-806D-DA93DA68CCCA}.Release|iPhoneSimulator.Build.0 = Release|Any CPU
		{71449AC5-ED6D-41FD-806D-DA93DA68CCCA}.Release|iPhoneSimulator.Deploy.0 = Release|Any CPU
		{71449AC5-ED6D-41FD-806D-DA93DA68CCCA}.Release|x64.ActiveCfg = Release|Any CPU
		{71449AC5-ED6D-41FD-806D-DA93DA68CCCA}.Release|x64.Build.0 = Release|Any CPU
		{71449AC5-ED6D-41FD-806D-DA93DA68CCCA}.Release|x64.Deploy.0 = Release|Any CPU
		{71449AC5-ED6D-41FD-806D-DA93DA68CCCA}.Release|x86.ActiveCfg = Release|Any CPU
		{71449AC5-ED6D-41FD-806D-DA93DA68CCCA}.Release|x86.Build.0 = Release|Any CPU
		{71449AC5-ED6D-41FD-806D-DA93DA68CCCA}.Release|x86.Deploy.0 = Release|Any CPU
	EndGlobalSection
	GlobalSection(SolutionProperties) = preSolution
		HideSolutionNode = FALSE
	EndGlobalSection
	GlobalSection(ExtensibilityGlobals) = postSolution
		SolutionGuid = {BB6FF330-ED01-486E-81C5-7E9504AA6806}
	EndGlobalSection
EndGlobal
