
Microsoft Visual Studio Solution File, Format Version 12.00
# Visual Studio Version 16
VisualStudioVersion = 16.0.31702.278
MinimumVisualStudioVersion = 10.0.40219.1
Project("{FAE04EC0-301F-11D3-BF4B-00C04F79EFBC}") = "lec03pjt0001.UWP", "lec03pjt0001\lec03pjt0001.UWP\lec03pjt0001.UWP.csproj", "{D6EDD2D8-6AF2-4721-87A5-51AD7D573FA5}"
EndProject
Project("{FAE04EC0-301F-11D3-BF4B-00C04F79EFBC}") = "lec03pjt0001.Android", "lec03pjt0001\lec03pjt0001.Android\lec03pjt0001.Android.csproj", "{236384DF-BE15-4259-A636-941101FE0B68}"
EndProject
Project("{FAE04EC0-301F-11D3-BF4B-00C04F79EFBC}") = "lec03pjt0001.iOS", "lec03pjt0001\lec03pjt0001.iOS\lec03pjt0001.iOS.csproj", "{1511E662-FD4B-4A4A-87D2-F8B74AAFD1CE}"
EndProject
Project("{FAE04EC0-301F-11D3-BF4B-00C04F79EFBC}") = "lec03pjt0001", "lec03pjt0001\lec03pjt0001\lec03pjt0001.csproj", "{89A3DC9D-80FF-4FF7-9D3F-348EC4E1162E}"
EndProject
Global
	GlobalSection(SolutionConfigurationPlatforms) = preSolution
		Debug|Any CPU = Debug|Any CPU
		Debug|ARM = Debug|ARM
		Debug|iPhone = Debug|iPhone
		Debug|iPhoneSimulator = Debug|iPhoneSimulator
		Debug|x64 = Debug|x64
		Debug|x86 = Debug|x86
		Release|Any CPU = Release|Any CPU
		Release|ARM = Release|ARM
		Release|iPhone = Release|iPhone
		Release|iPhoneSimulator = Release|iPhoneSimulator
		Release|x64 = Release|x64
		Release|x86 = Release|x86
	EndGlobalSection
	GlobalSection(ProjectConfigurationPlatforms) = postSolution
		{D6EDD2D8-6AF2-4721-87A5-51AD7D573FA5}.Debug|Any CPU.ActiveCfg = Debug|x86
		{D6EDD2D8-6AF2-4721-87A5-51AD7D573FA5}.Debug|Any CPU.Build.0 = Debug|x86
		{D6EDD2D8-6AF2-4721-87A5-51AD7D573FA5}.Debug|Any CPU.Deploy.0 = Debug|x86
		{D6EDD2D8-6AF2-4721-87A5-51AD7D573FA5}.Debug|ARM.ActiveCfg = Debug|ARM
		{D6EDD2D8-6AF2-4721-87A5-51AD7D573FA5}.Debug|ARM.Build.0 = Debug|ARM
		{D6EDD2D8-6AF2-4721-87A5-51AD7D573FA5}.Debug|ARM.Deploy.0 = Debug|ARM
		{D6EDD2D8-6AF2-4721-87A5-51AD7D573FA5}.Debug|iPhone.ActiveCfg = Debug|x86
		{D6EDD2D8-6AF2-4721-87A5-51AD7D573FA5}.Debug|iPhone.Build.0 = Debug|x86
		{D6EDD2D8-6AF2-4721-87A5-51AD7D573FA5}.Debug|iPhone.Deploy.0 = Debug|x86
		{D6EDD2D8-6AF2-4721-87A5-51AD7D573FA5}.Debug|iPhoneSimulator.ActiveCfg = Debug|x86
		{D6EDD2D8-6AF2-4721-87A5-51AD7D573FA5}.Debug|iPhoneSimulator.Build.0 = Debug|x86
		{D6EDD2D8-6AF2-4721-87A5-51AD7D573FA5}.Debug|iPhoneSimulator.Deploy.0 = Debug|x86
		{D6EDD2D8-6AF2-4721-87A5-51AD7D573FA5}.Debug|x64.ActiveCfg = Debug|x64
		{D6EDD2D8-6AF2-4721-87A5-51AD7D573FA5}.Debug|x64.Build.0 = Debug|x64
		{D6EDD2D8-6AF2-4721-87A5-51AD7D573FA5}.Debug|x64.Deploy.0 = Debug|x64
		{D6EDD2D8-6AF2-4721-87A5-51AD7D573FA5}.Debug|x86.ActiveCfg = Debug|x86
		{D6EDD2D8-6AF2-4721-87A5-51AD7D573FA5}.Debug|x86.Build.0 = Debug|x86
		{D6EDD2D8-6AF2-4721-87A5-51AD7D573FA5}.Debug|x86.Deploy.0 = Debug|x86
		{D6EDD2D8-6AF2-4721-87A5-51AD7D573FA5}.Release|Any CPU.ActiveCfg = Release|x86
		{D6EDD2D8-6AF2-4721-87A5-51AD7D573FA5}.Release|Any CPU.Build.0 = Release|x86
		{D6EDD2D8-6AF2-4721-87A5-51AD7D573FA5}.Release|Any CPU.Deploy.0 = Release|x86
		{D6EDD2D8-6AF2-4721-87A5-51AD7D573FA5}.Release|ARM.ActiveCfg = Release|ARM
		{D6EDD2D8-6AF2-4721-87A5-51AD7D573FA5}.Release|ARM.Build.0 = Release|ARM
		{D6EDD2D8-6AF2-4721-87A5-51AD7D573FA5}.Release|ARM.Deploy.0 = Release|ARM
		{D6EDD2D8-6AF2-4721-87A5-51AD7D573FA5}.Release|iPhone.ActiveCfg = Release|x86
		{D6EDD2D8-6AF2-4721-87A5-51AD7D573FA5}.Release|iPhone.Build.0 = Release|x86
		{D6EDD2D8-6AF2-4721-87A5-51AD7D573FA5}.Release|iPhone.Deploy.0 = Release|x86
		{D6EDD2D8-6AF2-4721-87A5-51AD7D573FA5}.Release|iPhoneSimulator.ActiveCfg = Release|x86
		{D6EDD2D8-6AF2-4721-87A5-51AD7D573FA5}.Release|iPhoneSimulator.Build.0 = Release|x86
		{D6EDD2D8-6AF2-4721-87A5-51AD7D573FA5}.Release|iPhoneSimulator.Deploy.0 = Release|x86
		{D6EDD2D8-6AF2-4721-87A5-51AD7D573FA5}.Release|x64.ActiveCfg = Release|x64
		{D6EDD2D8-6AF2-4721-87A5-51AD7D573FA5}.Release|x64.Build.0 = Release|x64
		{D6EDD2D8-6AF2-4721-87A5-51AD7D573FA5}.Release|x64.Deploy.0 = Release|x64
		{D6EDD2D8-6AF2-4721-87A5-51AD7D573FA5}.Release|x86.ActiveCfg = Release|x86
		{D6EDD2D8-6AF2-4721-87A5-51AD7D573FA5}.Release|x86.Build.0 = Release|x86
		{D6EDD2D8-6AF2-4721-87A5-51AD7D573FA5}.Release|x86.Deploy.0 = Release|x86
		{236384DF-BE15-4259-A636-941101FE0B68}.Debug|Any CPU.ActiveCfg = Debug|Any CPU
		{236384DF-BE15-4259-A636-941101FE0B68}.Debug|Any CPU.Build.0 = Debug|Any CPU
		{236384DF-BE15-4259-A636-941101FE0B68}.Debug|Any CPU.Deploy.0 = Debug|Any CPU
		{236384DF-BE15-4259-A636-941101FE0B68}.Debug|ARM.ActiveCfg = Debug|Any CPU
		{236384DF-BE15-4259-A636-941101FE0B68}.Debug|ARM.Build.0 = Debug|Any CPU
		{236384DF-BE15-4259-A636-941101FE0B68}.Debug|ARM.Deploy.0 = Debug|Any CPU
		{236384DF-BE15-4259-A636-941101FE0B68}.Debug|iPhone.ActiveCfg = Debug|Any CPU
		{236384DF-BE15-4259-A636-941101FE0B68}.Debug|iPhone.Build.0 = Debug|Any CPU
		{236384DF-BE15-4259-A636-941101FE0B68}.Debug|iPhone.Deploy.0 = Debug|Any CPU
		{236384DF-BE15-4259-A636-941101FE0B68}.Debug|iPhoneSimulator.ActiveCfg = Debug|Any CPU
		{236384DF-BE15-4259-A636-941101FE0B68}.Debug|iPhoneSimulator.Build.0 = Debug|Any CPU
		{236384DF-BE15-4259-A636-941101FE0B68}.Debug|iPhoneSimulator.Deploy.0 = Debug|Any CPU
		{236384DF-BE15-4259-A636-941101FE0B68}.Debug|x64.ActiveCfg = Debug|Any CPU
		{236384DF-BE15-4259-A636-941101FE0B68}.Debug|x64.Build.0 = Debug|Any CPU
		{236384DF-BE15-4259-A636-941101FE0B68}.Debug|x64.Deploy.0 = Debug|Any CPU
		{236384DF-BE15-4259-A636-941101FE0B68}.Debug|x86.ActiveCfg = Debug|Any CPU
		{236384DF-BE15-4259-A636-941101FE0B68}.Debug|x86.Build.0 = Debug|Any CPU
		{236384DF-BE15-4259-A636-941101FE0B68}.Debug|x86.Deploy.0 = Debug|Any CPU
		{236384DF-BE15-4259-A636-941101FE0B68}.Release|Any CPU.ActiveCfg = Release|Any CPU
		{236384DF-BE15-4259-A636-941101FE0B68}.Release|Any CPU.Build.0 = Release|Any CPU
		{236384DF-BE15-4259-A636-941101FE0B68}.Release|Any CPU.Deploy.0 = Release|Any CPU
		{236384DF-BE15-4259-A636-941101FE0B68}.Release|ARM.ActiveCfg = Release|Any CPU
		{236384DF-BE15-4259-A636-941101FE0B68}.Release|ARM.Build.0 = Release|Any CPU
		{236384DF-BE15-4259-A636-941101FE0B68}.Release|ARM.Deploy.0 = Release|Any CPU
		{236384DF-BE15-4259-A636-941101FE0B68}.Release|iPhone.ActiveCfg = Release|Any CPU
		{236384DF-BE15-4259-A636-941101FE0B68}.Release|iPhone.Build.0 = Release|Any CPU
		{236384DF-BE15-4259-A636-941101FE0B68}.Release|iPhone.Deploy.0 = Release|Any CPU
		{236384DF-BE15-4259-A636-941101FE0B68}.Release|iPhoneSimulator.ActiveCfg = Release|Any CPU
		{236384DF-BE15-4259-A636-941101FE0B68}.Release|iPhoneSimulator.Build.0 = Release|Any CPU
		{236384DF-BE15-4259-A636-941101FE0B68}.Release|iPhoneSimulator.Deploy.0 = Release|Any CPU
		{236384DF-BE15-4259-A636-941101FE0B68}.Release|x64.ActiveCfg = Release|Any CPU
		{236384DF-BE15-4259-A636-941101FE0B68}.Release|x64.Build.0 = Release|Any CPU
		{236384DF-BE15-4259-A636-941101FE0B68}.Release|x64.Deploy.0 = Release|Any CPU
		{236384DF-BE15-4259-A636-941101FE0B68}.Release|x86.ActiveCfg = Release|Any CPU
		{236384DF-BE15-4259-A636-941101FE0B68}.Release|x86.Build.0 = Release|Any CPU
		{236384DF-BE15-4259-A636-941101FE0B68}.Release|x86.Deploy.0 = Release|Any CPU
		{1511E662-FD4B-4A4A-87D2-F8B74AAFD1CE}.Debug|Any CPU.ActiveCfg = Debug|iPhoneSimulator
		{1511E662-FD4B-4A4A-87D2-F8B74AAFD1CE}.Debug|Any CPU.Build.0 = Debug|iPhoneSimulator
		{1511E662-FD4B-4A4A-87D2-F8B74AAFD1CE}.Debug|Any CPU.Deploy.0 = Debug|iPhoneSimulator
		{1511E662-FD4B-4A4A-87D2-F8B74AAFD1CE}.Debug|ARM.ActiveCfg = Debug|iPhone
		{1511E662-FD4B-4A4A-87D2-F8B74AAFD1CE}.Debug|ARM.Build.0 = Debug|iPhone
		{1511E662-FD4B-4A4A-87D2-F8B74AAFD1CE}.Debug|ARM.Deploy.0 = Debug|iPhone
		{1511E662-FD4B-4A4A-87D2-F8B74AAFD1CE}.Debug|iPhone.ActiveCfg = Debug|iPhone
		{1511E662-FD4B-4A4A-87D2-F8B74AAFD1CE}.Debug|iPhone.Build.0 = Debug|iPhone
		{1511E662-FD4B-4A4A-87D2-F8B74AAFD1CE}.Debug|iPhone.Deploy.0 = Debug|iPhone
		{1511E662-FD4B-4A4A-87D2-F8B74AAFD1CE}.Debug|iPhoneSimulator.ActiveCfg = Debug|iPhoneSimulator
		{1511E662-FD4B-4A4A-87D2-F8B74AAFD1CE}.Debug|iPhoneSimulator.Build.0 = Debug|iPhoneSimulator
		{1511E662-FD4B-4A4A-87D2-F8B74AAFD1CE}.Debug|iPhoneSimulator.Deploy.0 = Debug|iPhoneSimulator
		{1511E662-FD4B-4A4A-87D2-F8B74AAFD1CE}.Debug|x64.ActiveCfg = Debug|iPhoneSimulator
		{1511E662-FD4B-4A4A-87D2-F8B74AAFD1CE}.Debug|x64.Build.0 = Debug|iPhoneSimulator
		{1511E662-FD4B-4A4A-87D2-F8B74AAFD1CE}.Debug|x64.Deploy.0 = Debug|iPhoneSimulator
		{1511E662-FD4B-4A4A-87D2-F8B74AAFD1CE}.Debug|x86.ActiveCfg = Debug|iPhoneSimulator
		{1511E662-FD4B-4A4A-87D2-F8B74AAFD1CE}.Debug|x86.Build.0 = Debug|iPhoneSimulator
		{1511E662-FD4B-4A4A-87D2-F8B74AAFD1CE}.Debug|x86.Deploy.0 = Debug|iPhoneSimulator
		{1511E662-FD4B-4A4A-87D2-F8B74AAFD1CE}.Release|Any CPU.ActiveCfg = Release|iPhoneSimulator
		{1511E662-FD4B-4A4A-87D2-F8B74AAFD1CE}.Release|Any CPU.Build.0 = Release|iPhoneSimulator
		{1511E662-FD4B-4A4A-87D2-F8B74AAFD1CE}.Release|Any CPU.Deploy.0 = Release|iPhoneSimulator
		{1511E662-FD4B-4A4A-87D2-F8B74AAFD1CE}.Release|ARM.ActiveCfg = Release|iPhoneSimulator
		{1511E662-FD4B-4A4A-87D2-F8B74AAFD1CE}.Release|ARM.Build.0 = Release|iPhoneSimulator
		{1511E662-FD4B-4A4A-87D2-F8B74AAFD1CE}.Release|ARM.Deploy.0 = Release|iPhoneSimulator
		{1511E662-FD4B-4A4A-87D2-F8B74AAFD1CE}.Release|iPhone.ActiveCfg = Release|iPhone
		{1511E662-FD4B-4A4A-87D2-F8B74AAFD1CE}.Release|iPhone.Build.0 = Release|iPhone
		{1511E662-FD4B-4A4A-87D2-F8B74AAFD1CE}.Release|iPhone.Deploy.0 = Release|iPhone
		{1511E662-FD4B-4A4A-87D2-F8B74AAFD1CE}.Release|iPhoneSimulator.ActiveCfg = Release|iPhoneSimulator
		{1511E662-FD4B-4A4A-87D2-F8B74AAFD1CE}.Release|iPhoneSimulator.Build.0 = Release|iPhoneSimulator
		{1511E662-FD4B-4A4A-87D2-F8B74AAFD1CE}.Release|iPhoneSimulator.Deploy.0 = Release|iPhoneSimulator
		{1511E662-FD4B-4A4A-87D2-F8B74AAFD1CE}.Release|x64.ActiveCfg = Release|iPhoneSimulator
		{1511E662-FD4B-4A4A-87D2-F8B74AAFD1CE}.Release|x64.Build.0 = Release|iPhoneSimulator
		{1511E662-FD4B-4A4A-87D2-F8B74AAFD1CE}.Release|x64.Deploy.0 = Release|iPhoneSimulator
		{1511E662-FD4B-4A4A-87D2-F8B74AAFD1CE}.Release|x86.ActiveCfg = Release|iPhoneSimulator
		{1511E662-FD4B-4A4A-87D2-F8B74AAFD1CE}.Release|x86.Build.0 = Release|iPhoneSimulator
		{1511E662-FD4B-4A4A-87D2-F8B74AAFD1CE}.Release|x86.Deploy.0 = Release|iPhoneSimulator
		{89A3DC9D-80FF-4FF7-9D3F-348EC4E1162E}.Debug|Any CPU.ActiveCfg = Debug|Any CPU
		{89A3DC9D-80FF-4FF7-9D3F-348EC4E1162E}.Debug|Any CPU.Build.0 = Debug|Any CPU
		{89A3DC9D-80FF-4FF7-9D3F-348EC4E1162E}.Debug|Any CPU.Deploy.0 = Debug|Any CPU
		{89A3DC9D-80FF-4FF7-9D3F-348EC4E1162E}.Debug|ARM.ActiveCfg = Debug|Any CPU
		{89A3DC9D-80FF-4FF7-9D3F-348EC4E1162E}.Debug|ARM.Build.0 = Debug|Any CPU
		{89A3DC9D-80FF-4FF7-9D3F-348EC4E1162E}.Debug|ARM.Deploy.0 = Debug|Any CPU
		{89A3DC9D-80FF-4FF7-9D3F-348EC4E1162E}.Debug|iPhone.ActiveCfg = Debug|Any CPU
		{89A3DC9D-80FF-4FF7-9D3F-348EC4E1162E}.Debug|iPhone.Build.0 = Debug|Any CPU
		{89A3DC9D-80FF-4FF7-9D3F-348EC4E1162E}.Debug|iPhone.Deploy.0 = Debug|Any CPU
		{89A3DC9D-80FF-4FF7-9D3F-348EC4E1162E}.Debug|iPhoneSimulator.ActiveCfg = Debug|Any CPU
		{89A3DC9D-80FF-4FF7-9D3F-348EC4E1162E}.Debug|iPhoneSimulator.Build.0 = Debug|Any CPU
		{89A3DC9D-80FF-4FF7-9D3F-348EC4E1162E}.Debug|iPhoneSimulator.Deploy.0 = Debug|Any CPU
		{89A3DC9D-80FF-4FF7-9D3F-348EC4E1162E}.Debug|x64.ActiveCfg = Debug|Any CPU
		{89A3DC9D-80FF-4FF7-9D3F-348EC4E1162E}.Debug|x64.Build.0 = Debug|Any CPU
		{89A3DC9D-80FF-4FF7-9D3F-348EC4E1162E}.Debug|x64.Deploy.0 = Debug|Any CPU
		{89A3DC9D-80FF-4FF7-9D3F-348EC4E1162E}.Debug|x86.ActiveCfg = Debug|Any CPU
		{89A3DC9D-80FF-4FF7-9D3F-348EC4E1162E}.Debug|x86.Build.0 = Debug|Any CPU
		{89A3DC9D-80FF-4FF7-9D3F-348EC4E1162E}.Debug|x86.Deploy.0 = Debug|Any CPU
		{89A3DC9D-80FF-4FF7-9D3F-348EC4E1162E}.Release|Any CPU.ActiveCfg = Release|Any CPU
		{89A3DC9D-80FF-4FF7-9D3F-348EC4E1162E}.Release|Any CPU.Build.0 = Release|Any CPU
		{89A3DC9D-80FF-4FF7-9D3F-348EC4E1162E}.Release|Any CPU.Deploy.0 = Release|Any CPU
		{89A3DC9D-80FF-4FF7-9D3F-348EC4E1162E}.Release|ARM.ActiveCfg = Release|Any CPU
		{89A3DC9D-80FF-4FF7-9D3F-348EC4E1162E}.Release|ARM.Build.0 = Release|Any CPU
		{89A3DC9D-80FF-4FF7-9D3F-348EC4E1162E}.Release|ARM.Deploy.0 = Release|Any CPU
		{89A3DC9D-80FF-4FF7-9D3F-348EC4E1162E}.Release|iPhone.ActiveCfg = Release|Any CPU
		{89A3DC9D-80FF-4FF7-9D3F-348EC4E1162E}.Release|iPhone.Build.0 = Release|Any CPU
		{89A3DC9D-80FF-4FF7-9D3F-348EC4E1162E}.Release|iPhone.Deploy.0 = Release|Any CPU
		{89A3DC9D-80FF-4FF7-9D3F-348EC4E1162E}.Release|iPhoneSimulator.ActiveCfg = Release|Any CPU
		{89A3DC9D-80FF-4FF7-9D3F-348EC4E1162E}.Release|iPhoneSimulator.Build.0 = Release|Any CPU
		{89A3DC9D-80FF-4FF7-9D3F-348EC4E1162E}.Release|iPhoneSimulator.Deploy.0 = Release|Any CPU
		{89A3DC9D-80FF-4FF7-9D3F-348EC4E1162E}.Release|x64.ActiveCfg = Release|Any CPU
		{89A3DC9D-80FF-4FF7-9D3F-348EC4E1162E}.Release|x64.Build.0 = Release|Any CPU
		{89A3DC9D-80FF-4FF7-9D3F-348EC4E1162E}.Release|x64.Deploy.0 = Release|Any CPU
		{89A3DC9D-80FF-4FF7-9D3F-348EC4E1162E}.Release|x86.ActiveCfg = Release|Any CPU
		{89A3DC9D-80FF-4FF7-9D3F-348EC4E1162E}.Release|x86.Build.0 = Release|Any CPU
		{89A3DC9D-80FF-4FF7-9D3F-348EC4E1162E}.Release|x86.Deploy.0 = Release|Any CPU
	EndGlobalSection
	GlobalSection(SolutionProperties) = preSolution
		HideSolutionNode = FALSE
	EndGlobalSection
	GlobalSection(ExtensibilityGlobals) = postSolution
		SolutionGuid = {0E98C45C-EBCC-43CC-AE0B-E9B14F07F97D}
	EndGlobalSection
EndGlobal
