
Microsoft Visual Studio Solution File, Format Version 12.00
# Visual Studio Version 16
VisualStudioVersion = 16.0.29806.167
MinimumVisualStudioVersion = 10.0.40219.1
Project("{FAE04EC0-301F-11D3-BF4B-00C04F79EFBC}") = "Lec20Pjt0001.UWP", "Lec20Pjt0001\Lec20Pjt0001.UWP\Lec20Pjt0001.UWP.csproj", "{13FCD359-9952-4173-B7B6-C662E266FD54}"
EndProject
Project("{FAE04EC0-301F-11D3-BF4B-00C04F79EFBC}") = "Lec20Pjt0001.Android", "Lec20Pjt0001\Lec20Pjt0001.Android\Lec20Pjt0001.Android.csproj", "{12C7106D-FEDA-45D6-A7E8-D5DF2EC535B6}"
EndProject
Project("{FAE04EC0-301F-11D3-BF4B-00C04F79EFBC}") = "Lec20Pjt0001.iOS", "Lec20Pjt0001\Lec20Pjt0001.iOS\Lec20Pjt0001.iOS.csproj", "{8641C2B8-A9D0-4877-919A-DF6E6917A970}"
EndProject
Project("{FAE04EC0-301F-11D3-BF4B-00C04F79EFBC}") = "Lec20Pjt0001", "Lec20Pjt0001\Lec20Pjt0001\Lec20Pjt0001.csproj", "{7A141308-BB75-47C2-AA0E-4E2F7624E118}"
EndProject
Global
	GlobalSection(SolutionConfigurationPlatforms) = preSolution
		Debug|Any CPU = Debug|Any CPU
		Debug|ARM = Debug|ARM
		Debug|iPhone = Debug|iPhone
		Debug|iPhoneSimulator = Debug|iPhoneSimulator
		Debug|x64 = Debug|x64
		Debug|x86 = Debug|x86
		Release|Any CPU = Release|Any CPU
		Release|ARM = Release|ARM
		Release|iPhone = Release|iPhone
		Release|iPhoneSimulator = Release|iPhoneSimulator
		Release|x64 = Release|x64
		Release|x86 = Release|x86
	EndGlobalSection
	GlobalSection(ProjectConfigurationPlatforms) = postSolution
		{13FCD359-9952-4173-B7B6-C662E266FD54}.Debug|Any CPU.ActiveCfg = Debug|x86
		{13FCD359-9952-4173-B7B6-C662E266FD54}.Debug|Any CPU.Build.0 = Debug|x86
		{13FCD359-9952-4173-B7B6-C662E266FD54}.Debug|Any CPU.Deploy.0 = Debug|x86
		{13FCD359-9952-4173-B7B6-C662E266FD54}.Debug|ARM.ActiveCfg = Debug|ARM
		{13FCD359-9952-4173-B7B6-C662E266FD54}.Debug|ARM.Build.0 = Debug|ARM
		{13FCD359-9952-4173-B7B6-C662E266FD54}.Debug|ARM.Deploy.0 = Debug|ARM
		{13FCD359-9952-4173-B7B6-C662E266FD54}.Debug|iPhone.ActiveCfg = Debug|x86
		{13FCD359-9952-4173-B7B6-C662E266FD54}.Debug|iPhone.Build.0 = Debug|x86
		{13FCD359-9952-4173-B7B6-C662E266FD54}.Debug|iPhone.Deploy.0 = Debug|x86
		{13FCD359-9952-4173-B7B6-C662E266FD54}.Debug|iPhoneSimulator.ActiveCfg = Debug|x86
		{13FCD359-9952-4173-B7B6-C662E266FD54}.Debug|iPhoneSimulator.Build.0 = Debug|x86
		{13FCD359-9952-4173-B7B6-C662E266FD54}.Debug|iPhoneSimulator.Deploy.0 = Debug|x86
		{13FCD359-9952-4173-B7B6-C662E266FD54}.Debug|x64.ActiveCfg = Debug|x64
		{13FCD359-9952-4173-B7B6-C662E266FD54}.Debug|x64.Build.0 = Debug|x64
		{13FCD359-9952-4173-B7B6-C662E266FD54}.Debug|x64.Deploy.0 = Debug|x64
		{13FCD359-9952-4173-B7B6-C662E266FD54}.Debug|x86.ActiveCfg = Debug|x86
		{13FCD359-9952-4173-B7B6-C662E266FD54}.Debug|x86.Build.0 = Debug|x86
		{13FCD359-9952-4173-B7B6-C662E266FD54}.Debug|x86.Deploy.0 = Debug|x86
		{13FCD359-9952-4173-B7B6-C662E266FD54}.Release|Any CPU.ActiveCfg = Release|x86
		{13FCD359-9952-4173-B7B6-C662E266FD54}.Release|Any CPU.Build.0 = Release|x86
		{13FCD359-9952-4173-B7B6-C662E266FD54}.Release|Any CPU.Deploy.0 = Release|x86
		{13FCD359-9952-4173-B7B6-C662E266FD54}.Release|ARM.ActiveCfg = Release|ARM
		{13FCD359-9952-4173-B7B6-C662E266FD54}.Release|ARM.Build.0 = Release|ARM
		{13FCD359-9952-4173-B7B6-C662E266FD54}.Release|ARM.Deploy.0 = Release|ARM
		{13FCD359-9952-4173-B7B6-C662E266FD54}.Release|iPhone.ActiveCfg = Release|x86
		{13FCD359-9952-4173-B7B6-C662E266FD54}.Release|iPhone.Build.0 = Release|x86
		{13FCD359-9952-4173-B7B6-C662E266FD54}.Release|iPhone.Deploy.0 = Release|x86
		{13FCD359-9952-4173-B7B6-C662E266FD54}.Release|iPhoneSimulator.ActiveCfg = Release|x86
		{13FCD359-9952-4173-B7B6-C662E266FD54}.Release|iPhoneSimulator.Build.0 = Release|x86
		{13FCD359-9952-4173-B7B6-C662E266FD54}.Release|iPhoneSimulator.Deploy.0 = Release|x86
		{13FCD359-9952-4173-B7B6-C662E266FD54}.Release|x64.ActiveCfg = Release|x64
		{13FCD359-9952-4173-B7B6-C662E266FD54}.Release|x64.Build.0 = Release|x64
		{13FCD359-9952-4173-B7B6-C662E266FD54}.Release|x64.Deploy.0 = Release|x64
		{13FCD359-9952-4173-B7B6-C662E266FD54}.Release|x86.ActiveCfg = Release|x86
		{13FCD359-9952-4173-B7B6-C662E266FD54}.Release|x86.Build.0 = Release|x86
		{13FCD359-9952-4173-B7B6-C662E266FD54}.Release|x86.Deploy.0 = Release|x86
		{12C7106D-FEDA-45D6-A7E8-D5DF2EC535B6}.Debug|Any CPU.ActiveCfg = Debug|Any CPU
		{12C7106D-FEDA-45D6-A7E8-D5DF2EC535B6}.Debug|Any CPU.Build.0 = Debug|Any CPU
		{12C7106D-FEDA-45D6-A7E8-D5DF2EC535B6}.Debug|Any CPU.Deploy.0 = Debug|Any CPU
		{12C7106D-FEDA-45D6-A7E8-D5DF2EC535B6}.Debug|ARM.ActiveCfg = Debug|Any CPU
		{12C7106D-FEDA-45D6-A7E8-D5DF2EC535B6}.Debug|ARM.Build.0 = Debug|Any CPU
		{12C7106D-FEDA-45D6-A7E8-D5DF2EC535B6}.Debug|ARM.Deploy.0 = Debug|Any CPU
		{12C7106D-FEDA-45D6-A7E8-D5DF2EC535B6}.Debug|iPhone.ActiveCfg = Debug|Any CPU
		{12C7106D-FEDA-45D6-A7E8-D5DF2EC535B6}.Debug|iPhone.Build.0 = Debug|Any CPU
		{12C7106D-FEDA-45D6-A7E8-D5DF2EC535B6}.Debug|iPhone.Deploy.0 = Debug|Any CPU
		{12C7106D-FEDA-45D6-A7E8-D5DF2EC535B6}.Debug|iPhoneSimulator.ActiveCfg = Debug|Any CPU
		{12C7106D-FEDA-45D6-A7E8-D5DF2EC535B6}.Debug|iPhoneSimulator.Build.0 = Debug|Any CPU
		{12C7106D-FEDA-45D6-A7E8-D5DF2EC535B6}.Debug|iPhoneSimulator.Deploy.0 = Debug|Any CPU
		{12C7106D-FEDA-45D6-A7E8-D5DF2EC535B6}.Debug|x64.ActiveCfg = Debug|Any CPU
		{12C7106D-FEDA-45D6-A7E8-D5DF2EC535B6}.Debug|x64.Build.0 = Debug|Any CPU
		{12C7106D-FEDA-45D6-A7E8-D5DF2EC535B6}.Debug|x64.Deploy.0 = Debug|Any CPU
		{12C7106D-FEDA-45D6-A7E8-D5DF2EC535B6}.Debug|x86.ActiveCfg = Debug|Any CPU
		{12C7106D-FEDA-45D6-A7E8-D5DF2EC535B6}.Debug|x86.Build.0 = Debug|Any CPU
		{12C7106D-FEDA-45D6-A7E8-D5DF2EC535B6}.Debug|x86.Deploy.0 = Debug|Any CPU
		{12C7106D-FEDA-45D6-A7E8-D5DF2EC535B6}.Release|Any CPU.ActiveCfg = Release|Any CPU
		{12C7106D-FEDA-45D6-A7E8-D5DF2EC535B6}.Release|Any CPU.Build.0 = Release|Any CPU
		{12C7106D-FEDA-45D6-A7E8-D5DF2EC535B6}.Release|Any CPU.Deploy.0 = Release|Any CPU
		{12C7106D-FEDA-45D6-A7E8-D5DF2EC535B6}.Release|ARM.ActiveCfg = Release|Any CPU
		{12C7106D-FEDA-45D6-A7E8-D5DF2EC535B6}.Release|ARM.Build.0 = Release|Any CPU
		{12C7106D-FEDA-45D6-A7E8-D5DF2EC535B6}.Release|ARM.Deploy.0 = Release|Any CPU
		{12C7106D-FEDA-45D6-A7E8-D5DF2EC535B6}.Release|iPhone.ActiveCfg = Release|Any CPU
		{12C7106D-FEDA-45D6-A7E8-D5DF2EC535B6}.Release|iPhone.Build.0 = Release|Any CPU
		{12C7106D-FEDA-45D6-A7E8-D5DF2EC535B6}.Release|iPhone.Deploy.0 = Release|Any CPU
		{12C7106D-FEDA-45D6-A7E8-D5DF2EC535B6}.Release|iPhoneSimulator.ActiveCfg = Release|Any CPU
		{12C7106D-FEDA-45D6-A7E8-D5DF2EC535B6}.Release|iPhoneSimulator.Build.0 = Release|Any CPU
		{12C7106D-FEDA-45D6-A7E8-D5DF2EC535B6}.Release|iPhoneSimulator.Deploy.0 = Release|Any CPU
		{12C7106D-FEDA-45D6-A7E8-D5DF2EC535B6}.Release|x64.ActiveCfg = Release|Any CPU
		{12C7106D-FEDA-45D6-A7E8-D5DF2EC535B6}.Release|x64.Build.0 = Release|Any CPU
		{12C7106D-FEDA-45D6-A7E8-D5DF2EC535B6}.Release|x64.Deploy.0 = Release|Any CPU
		{12C7106D-FEDA-45D6-A7E8-D5DF2EC535B6}.Release|x86.ActiveCfg = Release|Any CPU
		{12C7106D-FEDA-45D6-A7E8-D5DF2EC535B6}.Release|x86.Build.0 = Release|Any CPU
		{12C7106D-FEDA-45D6-A7E8-D5DF2EC535B6}.Release|x86.Deploy.0 = Release|Any CPU
		{8641C2B8-A9D0-4877-919A-DF6E6917A970}.Debug|Any CPU.ActiveCfg = Debug|iPhone
		{8641C2B8-A9D0-4877-919A-DF6E6917A970}.Debug|Any CPU.Build.0 = Debug|iPhone
		{8641C2B8-A9D0-4877-919A-DF6E6917A970}.Debug|Any CPU.Deploy.0 = Debug|iPhone
		{8641C2B8-A9D0-4877-919A-DF6E6917A970}.Debug|ARM.ActiveCfg = Debug|iPhoneSimulator
		{8641C2B8-A9D0-4877-919A-DF6E6917A970}.Debug|ARM.Build.0 = Debug|iPhoneSimulator
		{8641C2B8-A9D0-4877-919A-DF6E6917A970}.Debug|ARM.Deploy.0 = Debug|iPhoneSimulator
		{8641C2B8-A9D0-4877-919A-DF6E6917A970}.Debug|iPhone.ActiveCfg = Debug|iPhone
		{8641C2B8-A9D0-4877-919A-DF6E6917A970}.Debug|iPhone.Build.0 = Debug|iPhone
		{8641C2B8-A9D0-4877-919A-DF6E6917A970}.Debug|iPhone.Deploy.0 = Debug|iPhone
		{8641C2B8-A9D0-4877-919A-DF6E6917A970}.Debug|iPhoneSimulator.ActiveCfg = Debug|iPhoneSimulator
		{8641C2B8-A9D0-4877-919A-DF6E6917A970}.Debug|iPhoneSimulator.Build.0 = Debug|iPhoneSimulator
		{8641C2B8-A9D0-4877-919A-DF6E6917A970}.Debug|iPhoneSimulator.Deploy.0 = Debug|iPhoneSimulator
		{8641C2B8-A9D0-4877-919A-DF6E6917A970}.Debug|x64.ActiveCfg = Debug|iPhone
		{8641C2B8-A9D0-4877-919A-DF6E6917A970}.Debug|x64.Build.0 = Debug|iPhone
		{8641C2B8-A9D0-4877-919A-DF6E6917A970}.Debug|x64.Deploy.0 = Debug|iPhone
		{8641C2B8-A9D0-4877-919A-DF6E6917A970}.Debug|x86.ActiveCfg = Debug|iPhone
		{8641C2B8-A9D0-4877-919A-DF6E6917A970}.Debug|x86.Build.0 = Debug|iPhone
		{8641C2B8-A9D0-4877-919A-DF6E6917A970}.Debug|x86.Deploy.0 = Debug|iPhone
		{8641C2B8-A9D0-4877-919A-DF6E6917A970}.Release|Any CPU.ActiveCfg = Release|iPhone
		{8641C2B8-A9D0-4877-919A-DF6E6917A970}.Release|Any CPU.Build.0 = Release|iPhone
		{8641C2B8-A9D0-4877-919A-DF6E6917A970}.Release|Any CPU.Deploy.0 = Release|iPhone
		{8641C2B8-A9D0-4877-919A-DF6E6917A970}.Release|ARM.ActiveCfg = Release|iPhone
		{8641C2B8-A9D0-4877-919A-DF6E6917A970}.Release|ARM.Build.0 = Release|iPhone
		{8641C2B8-A9D0-4877-919A-DF6E6917A970}.Release|ARM.Deploy.0 = Release|iPhone
		{8641C2B8-A9D0-4877-919A-DF6E6917A970}.Release|iPhone.ActiveCfg = Release|iPhone
		{8641C2B8-A9D0-4877-919A-DF6E6917A970}.Release|iPhone.Build.0 = Release|iPhone
		{8641C2B8-A9D0-4877-919A-DF6E6917A970}.Release|iPhone.Deploy.0 = Release|iPhone
		{8641C2B8-A9D0-4877-919A-DF6E6917A970}.Release|iPhoneSimulator.ActiveCfg = Release|iPhoneSimulator
		{8641C2B8-A9D0-4877-919A-DF6E6917A970}.Release|iPhoneSimulator.Build.0 = Release|iPhoneSimulator
		{8641C2B8-A9D0-4877-919A-DF6E6917A970}.Release|iPhoneSimulator.Deploy.0 = Release|iPhoneSimulator
		{8641C2B8-A9D0-4877-919A-DF6E6917A970}.Release|x64.ActiveCfg = Release|iPhone
		{8641C2B8-A9D0-4877-919A-DF6E6917A970}.Release|x64.Build.0 = Release|iPhone
		{8641C2B8-A9D0-4877-919A-DF6E6917A970}.Release|x64.Deploy.0 = Release|iPhone
		{8641C2B8-A9D0-4877-919A-DF6E6917A970}.Release|x86.ActiveCfg = Release|iPhone
		{8641C2B8-A9D0-4877-919A-DF6E6917A970}.Release|x86.Build.0 = Release|iPhone
		{8641C2B8-A9D0-4877-919A-DF6E6917A970}.Release|x86.Deploy.0 = Release|iPhone
		{7A141308-BB75-47C2-AA0E-4E2F7624E118}.Debug|Any CPU.ActiveCfg = Debug|Any CPU
		{7A141308-BB75-47C2-AA0E-4E2F7624E118}.Debug|Any CPU.Build.0 = Debug|Any CPU
		{7A141308-BB75-47C2-AA0E-4E2F7624E118}.Debug|Any CPU.Deploy.0 = Debug|Any CPU
		{7A141308-BB75-47C2-AA0E-4E2F7624E118}.Debug|ARM.ActiveCfg = Debug|Any CPU
		{7A141308-BB75-47C2-AA0E-4E2F7624E118}.Debug|ARM.Build.0 = Debug|Any CPU
		{7A141308-BB75-47C2-AA0E-4E2F7624E118}.Debug|ARM.Deploy.0 = Debug|Any CPU
		{7A141308-BB75-47C2-AA0E-4E2F7624E118}.Debug|iPhone.ActiveCfg = Debug|Any CPU
		{7A141308-BB75-47C2-AA0E-4E2F7624E118}.Debug|iPhone.Build.0 = Debug|Any CPU
		{7A141308-BB75-47C2-AA0E-4E2F7624E118}.Debug|iPhone.Deploy.0 = Debug|Any CPU
		{7A141308-BB75-47C2-AA0E-4E2F7624E118}.Debug|iPhoneSimulator.ActiveCfg = Debug|Any CPU
		{7A141308-BB75-47C2-AA0E-4E2F7624E118}.Debug|iPhoneSimulator.Build.0 = Debug|Any CPU
		{7A141308-BB75-47C2-AA0E-4E2F7624E118}.Debug|iPhoneSimulator.Deploy.0 = Debug|Any CPU
		{7A141308-BB75-47C2-AA0E-4E2F7624E118}.Debug|x64.ActiveCfg = Debug|Any CPU
		{7A141308-BB75-47C2-AA0E-4E2F7624E118}.Debug|x64.Build.0 = Debug|Any CPU
		{7A141308-BB75-47C2-AA0E-4E2F7624E118}.Debug|x64.Deploy.0 = Debug|Any CPU
		{7A141308-BB75-47C2-AA0E-4E2F7624E118}.Debug|x86.ActiveCfg = Debug|Any CPU
		{7A141308-BB75-47C2-AA0E-4E2F7624E118}.Debug|x86.Build.0 = Debug|Any CPU
		{7A141308-BB75-47C2-AA0E-4E2F7624E118}.Debug|x86.Deploy.0 = Debug|Any CPU
		{7A141308-BB75-47C2-AA0E-4E2F7624E118}.Release|Any CPU.ActiveCfg = Release|Any CPU
		{7A141308-BB75-47C2-AA0E-4E2F7624E118}.Release|Any CPU.Build.0 = Release|Any CPU
		{7A141308-BB75-47C2-AA0E-4E2F7624E118}.Release|Any CPU.Deploy.0 = Release|Any CPU
		{7A141308-BB75-47C2-AA0E-4E2F7624E118}.Release|ARM.ActiveCfg = Release|Any CPU
		{7A141308-BB75-47C2-AA0E-4E2F7624E118}.Release|ARM.Build.0 = Release|Any CPU
		{7A141308-BB75-47C2-AA0E-4E2F7624E118}.Release|ARM.Deploy.0 = Release|Any CPU
		{7A141308-BB75-47C2-AA0E-4E2F7624E118}.Release|iPhone.ActiveCfg = Release|Any CPU
		{7A141308-BB75-47C2-AA0E-4E2F7624E118}.Release|iPhone.Build.0 = Release|Any CPU
		{7A141308-BB75-47C2-AA0E-4E2F7624E118}.Release|iPhone.Deploy.0 = Release|Any CPU
		{7A141308-BB75-47C2-AA0E-4E2F7624E118}.Release|iPhoneSimulator.ActiveCfg = Release|Any CPU
		{7A141308-BB75-47C2-AA0E-4E2F7624E118}.Release|iPhoneSimulator.Build.0 = Release|Any CPU
		{7A141308-BB75-47C2-AA0E-4E2F7624E118}.Release|iPhoneSimulator.Deploy.0 = Release|Any CPU
		{7A141308-BB75-47C2-AA0E-4E2F7624E118}.Release|x64.ActiveCfg = Release|Any CPU
		{7A141308-BB75-47C2-AA0E-4E2F7624E118}.Release|x64.Build.0 = Release|Any CPU
		{7A141308-BB75-47C2-AA0E-4E2F7624E118}.Release|x64.Deploy.0 = Release|Any CPU
		{7A141308-BB75-47C2-AA0E-4E2F7624E118}.Release|x86.ActiveCfg = Release|Any CPU
		{7A141308-BB75-47C2-AA0E-4E2F7624E118}.Release|x86.Build.0 = Release|Any CPU
		{7A141308-BB75-47C2-AA0E-4E2F7624E118}.Release|x86.Deploy.0 = Release|Any CPU
	EndGlobalSection
	GlobalSection(SolutionProperties) = preSolution
		HideSolutionNode = FALSE
	EndGlobalSection
	GlobalSection(ExtensibilityGlobals) = postSolution
		SolutionGuid = {A684CCDA-9227-4A8D-BE73-101149BD563F}
	EndGlobalSection
EndGlobal
